PODS:
  - CocoaAsyncSocket (7.4.1)
  - CPAProxy (1.0.0):
    - CocoaAsyncSocket

DEPENDENCIES:
  - CPAProxy (from `https://github.com/OnionBrowser/CPAProxy.git`, commit `2de56b6658bd453c825e23d5dbfa7ad3c2304e11`)

EXTERNAL SOURCES:
  CPAProxy:
    :commit: 2de56b6658bd453c825e23d5dbfa7ad3c2304e11
    :git: https://github.com/OnionBrowser/CPAProxy.git

SPEC CHECKSUMS:
  CocoaAsyncSocket: b0a1a89e7ea4c1c0ea4ec83f57d55117d3cdae06
  CPAProxy: c3df549999514de2c04633d20a79b00daf627ddb

COCOAPODS: 0.34.1
