PODS:
  - CSPHeader (0.6.0)
  - DTFoundation/Core (1.7.18)
  - DTFoundation/DTASN1 (1.7.18):
    - DTFoundation/Core
  - Eureka (5.3.6)
  - FavIcon (3.1.0)
  - ImageRow (4.1.0):
    - Eureka (~> 5.3.5)
  - IPtProxy (1.8.0)
  - IPtProxyUI (1.10.2):
    - Eureka (~> 5.3)
    - ImageRow (~> 4.0)
    - IPtProxy (~> 1.8)
    - MBProgressHUD (~> 1.2)
    - ReachabilitySwift (~> 5.0)
  - MBProgressHUD (1.2.0)
  - OCMock (3.9.1)
  - ReachabilitySwift (5.0.0)
  - ReactiveObjC (3.1.1)
  - SDCAlertView (10.0)
  - Tor/Core (407.10.3)
  - Tor/GeoIP (407.10.3):
    - Tor/Core
  - Tor/OCSPCache (407.10.3):
    - ReactiveObjC (~> 3.1.1)
    - Tor/GeoIP
  - TUSafariActivity (1.0.4)
  - VForceTouch (0.0.2)

DEPENDENCIES:
  - CSPHeader (~> 0.6)
  - DTFoundation/DTASN1
  - FavIcon (from `https://github.com/tladesignz/FavIcon.git`)
  - IPtProxyUI (~> 1.10)
  - MBProgressHUD (~> 1.2)
  - OCMock
  - SDCAlertView (~> 10)
  - Tor/OCSPCache (from `https://raw.githubusercontent.com/tladesignz/Tor.framework/ocspcache/Tor.podspec`)
  - TUSafariActivity
  - VForceTouch

SPEC REPOS:
  https://github.com/CocoaPods/Specs.git:
    - CSPHeader
    - DTFoundation
    - Eureka
    - ImageRow
    - IPtProxy
    - IPtProxyUI
    - MBProgressHUD
    - OCMock
    - ReachabilitySwift
    - ReactiveObjC
    - SDCAlertView
    - TUSafariActivity
    - VForceTouch

EXTERNAL SOURCES:
  FavIcon:
    :git: https://github.com/tladesignz/FavIcon.git
  Tor:
    :podspec: https://raw.githubusercontent.com/tladesignz/Tor.framework/ocspcache/Tor.podspec

CHECKOUT OPTIONS:
  FavIcon:
    :commit: 9969d1aaffced321facc66d20c82e7eab2a8aa98
    :git: https://github.com/tladesignz/FavIcon.git
  Tor:
    :commit: 1235e5b78325392463bfbf844d995686b5075a83
    :git: https://github.com/tladesignz/Tor.framework.git
    :submodules: true

SPEC CHECKSUMS:
  CSPHeader: b28ad862745eb26644109f3a3aa3f5e318dcb9fe
  DTFoundation: a53f8cda2489208cbc71c648be177f902ee17536
  Eureka: 28ad9dec6286cd7cd601fdf8e8df39bb7356a8f4
  FavIcon: 21651b47d8f6b33517973859f85e2cb6f9fcfaee
  ImageRow: 880c0f052c5a89c80521b485c86ccf723a124e99
  IPtProxy: e180e0f4381a893b52ae12626fbd0d40cbabe746
  IPtProxyUI: 6a4b9ba6d646d093e79e7168206d8b9e34e13665
  MBProgressHUD: 3ee5efcc380f6a79a7cc9b363dd669c5e1ae7406
  OCMock: 9491e4bec59e0b267d52a9184ff5605995e74be8
  ReachabilitySwift: 985039c6f7b23a1da463388634119492ff86c825
  ReactiveObjC: 011caa393aa0383245f2dcf9bf02e86b80b36040
  SDCAlertView: 5fbc48cae6d7bf9781097e3f27883924ef3b922c
  Tor: 94c3a27c2e6e6f6456960ae2d8c049c528a7e21b
  TUSafariActivity: afc55a00965377939107ce4fdc7f951f62454546
  VForceTouch: b5c3a28625269e1818cf915728173bda9f669d6b

PODFILE CHECKSUM: f1be6f4a0dfc109fde1a4433a2a2a8c979e5e0a1

COCOAPODS: 1.11.3
