PODS:
  - CSPHeader (0.4.1)
  - DTFoundation (1.7.14):
    - DTFoundation/AppKit (= 1.7.14)
    - DTFoundation/Core (= 1.7.14)
    - DTFoundation/Debug (= 1.7.14)
    - DTFoundation/DTAnimatedGIF (= 1.7.14)
    - DTFoundation/DTASN1 (= 1.7.14)
    - DTFoundation/DTAsyncFileDeleter (= 1.7.14)
    - DTFoundation/DTAWS (= 1.7.14)
    - DTFoundation/DTHTMLParser (= 1.7.14)
    - DTFoundation/DTProgressHUD (= 1.7.14)
    - DTFoundation/DTReachability (= 1.7.14)
    - DTFoundation/DTScripting (= 1.7.14)
    - DTFoundation/DTSidePanel (= 1.7.14)
    - DTFoundation/DTSQLite (= 1.7.14)
    - DTFoundation/DTUTI (= 1.7.14)
    - DTFoundation/DTZipArchive (= 1.7.14)
    - DTFoundation/Runtime (= 1.7.14)
    - DTFoundation/UIKit (= 1.7.14)
    - DTFoundation/UIKit_BlocksAdditions (= 1.7.14)
  - DTFoundation/Core (1.7.14)
  - DTFoundation/Debug (1.7.14):
    - DTFoundation/Core
    - DTFoundation/Runtime
  - DTFoundation/DTAnimatedGIF (1.7.14)
  - DTFoundation/DTASN1 (1.7.14):
    - DTFoundation/Core
  - DTFoundation/DTAsyncFileDeleter (1.7.14):
    - DTFoundation/Core
  - DTFoundation/DTAWS (1.7.14):
    - DTFoundation/Core
  - DTFoundation/DTHTMLParser (1.7.14):
    - DTFoundation/Core
  - DTFoundation/DTProgressHUD (1.7.14):
    - DTFoundation/Core
    - DTFoundation/UIKit
  - DTFoundation/DTReachability (1.7.14):
    - DTFoundation/Core
  - DTFoundation/DTScripting (1.7.14):
    - DTFoundation/Core
  - DTFoundation/DTSidePanel (1.7.14):
    - DTFoundation/UIKit
  - DTFoundation/DTSQLite (1.7.14):
    - DTFoundation/Core
  - DTFoundation/DTUTI (1.7.14)
  - DTFoundation/DTZipArchive (1.7.14):
    - DTFoundation/DTZipArchive/Minizip (= 1.7.14)
  - DTFoundation/DTZipArchive/Minizip (1.7.14)
  - DTFoundation/Runtime (1.7.14)
  - DTFoundation/UIKit (1.7.14):
    - DTFoundation/Core
  - DTFoundation/UIKit_BlocksAdditions (1.7.14):
    - DTFoundation/Core
  - Eureka (5.1.0)
  - FavIcon (3.0.6)
  - ImageRow (4.0.0):
    - Eureka (~> 5.0)
  - OCMock (3.5)
  - OCSPCache (0.1.0):
    - OpenSSL-Universal (= 1.0.2.17)
    - ReactiveObjC (= 3.1.1)
  - OpenSSL-Universal (1.0.2.17)
  - OrderedDictionary (1.4)
  - Reachability (3.2)
  - ReactiveObjC (3.1.1)
  - SDCAlertView (10.0)
  - TUSafariActivity (1.0.4)
  - VForceTouch (0.0.2)

DEPENDENCIES:
  - CSPHeader (~> 0.4)
  - DTFoundation
  - Eureka (~> 5.1)
  - FavIcon (from `https://github.com/tladesignz/FavIcon.git`, branch `swift-5`)
  - ImageRow (~> 4.0)
  - OCMock
  - OCSPCache (from `https://github.com/Psiphon-Labs/OCSPCache`)
  - OrderedDictionary
  - Reachability (~> 3.2)
  - SDCAlertView (~> 10)
  - TUSafariActivity
  - VForceTouch

SPEC REPOS:
  trunk:
    - CSPHeader
    - DTFoundation
    - Eureka
    - ImageRow
    - OCMock
    - OpenSSL-Universal
    - OrderedDictionary
    - Reachability
    - ReactiveObjC
    - SDCAlertView
    - TUSafariActivity
    - VForceTouch

EXTERNAL SOURCES:
  FavIcon:
    :branch: swift-5
    :git: https://github.com/tladesignz/FavIcon.git
  OCSPCache:
    :git: https://github.com/Psiphon-Labs/OCSPCache

CHECKOUT OPTIONS:
  FavIcon:
    :commit: 91d67049226db70000488690311ea9fe1aed265c
    :git: https://github.com/tladesignz/FavIcon.git
  OCSPCache:
    :commit: 71e9f5d2fdc4afb0d9b04ea019e2f0bec64cdc30
    :git: https://github.com/Psiphon-Labs/OCSPCache

SPEC CHECKSUMS:
  CSPHeader: 352a279f3c84ab3c18014d8f682efd55fa73d885
  DTFoundation: 25aa19bb7c6e225b1dfae195604fb8cf1da0ab4c
  Eureka: 18a5076dcf0c41f9cd9748aa1c42f4d11434bdae
  FavIcon: 9fd386d96324ce0f6063732f8bf6c7f1d5bf17a3
  ImageRow: e65b2e1a33f89062bf2a553a2aad61d975eb7428
  OCMock: 4ab4577fc941af31f4a0398f6e7e230cf21fc72a
  OCSPCache: 96237607aa9f77ba2fd9119e383b9fb1ef41cfa2
  OpenSSL-Universal: ff04c2e6befc3f1247ae039e60c93f76345b3b5a
  OrderedDictionary: 138c8d2e358d3a0c9adda15c6c7db24e8e3b09e6
  Reachability: 33e18b67625424e47b6cde6d202dce689ad7af96
  ReactiveObjC: 011caa393aa0383245f2dcf9bf02e86b80b36040
  SDCAlertView: 5fbc48cae6d7bf9781097e3f27883924ef3b922c
  TUSafariActivity: afc55a00965377939107ce4fdc7f951f62454546
  VForceTouch: b5c3a28625269e1818cf915728173bda9f669d6b

PODFILE CHECKSUM: ee2b91ccee872ca6abf604aa88b7e67283045e6c

COCOAPODS: 1.8.4
