PODS:
  - CSPHeader (0.4.0)
  - DTFoundation (1.7.13):
    - DTFoundation/AppKit (= 1.7.13)
    - DTFoundation/Core (= 1.7.13)
    - DTFoundation/Debug (= 1.7.13)
    - DTFoundation/DTAnimatedGIF (= 1.7.13)
    - DTFoundation/DTASN1 (= 1.7.13)
    - DTFoundation/DTAsyncFileDeleter (= 1.7.13)
    - DTFoundation/DTAWS (= 1.7.13)
    - DTFoundation/DTHTMLParser (= 1.7.13)
    - DTFoundation/DTProgressHUD (= 1.7.13)
    - DTFoundation/DTReachability (= 1.7.13)
    - DTFoundation/DTScripting (= 1.7.13)
    - DTFoundation/DTSidePanel (= 1.7.13)
    - DTFoundation/DTSQLite (= 1.7.13)
    - DTFoundation/DTUTI (= 1.7.13)
    - DTFoundation/DTZipArchive (= 1.7.13)
    - DTFoundation/Runtime (= 1.7.13)
    - DTFoundation/UIKit (= 1.7.13)
    - DTFoundation/UIKit_BlocksAdditions (= 1.7.13)
  - DTFoundation/Core (1.7.13)
  - DTFoundation/Debug (1.7.13):
    - DTFoundation/Core
    - DTFoundation/Runtime
  - DTFoundation/DTAnimatedGIF (1.7.13)
  - DTFoundation/DTASN1 (1.7.13):
    - DTFoundation/Core
  - DTFoundation/DTAsyncFileDeleter (1.7.13):
    - DTFoundation/Core
  - DTFoundation/DTAWS (1.7.13):
    - DTFoundation/Core
  - DTFoundation/DTHTMLParser (1.7.13):
    - DTFoundation/Core
  - DTFoundation/DTProgressHUD (1.7.13):
    - DTFoundation/Core
    - DTFoundation/UIKit
  - DTFoundation/DTReachability (1.7.13):
    - DTFoundation/Core
  - DTFoundation/DTScripting (1.7.13):
    - DTFoundation/Core
  - DTFoundation/DTSidePanel (1.7.13):
    - DTFoundation/UIKit
  - DTFoundation/DTSQLite (1.7.13):
    - DTFoundation/Core
  - DTFoundation/DTUTI (1.7.13)
  - DTFoundation/DTZipArchive (1.7.13):
    - DTFoundation/DTZipArchive/Minizip (= 1.7.13)
  - DTFoundation/DTZipArchive/Minizip (1.7.13)
  - DTFoundation/Runtime (1.7.13)
  - DTFoundation/UIKit (1.7.13):
    - DTFoundation/Core
  - DTFoundation/UIKit_BlocksAdditions (1.7.13):
    - DTFoundation/Core
  - InAppSettingsKit (2.12)
  - KMPlaceholderTextView (1.4.0)
  - Localize (2.3.0)
  - OCMock (3.4.3)
  - OCSPCache (0.1.0):
    - OpenSSL-Universal (= 1.0.2.17)
    - ReactiveObjC (= 3.1.1)
  - OpenSSL-Universal (1.0.2.17)
  - OrderedDictionary (1.4)
  - POE (0.5.7):
    - KMPlaceholderTextView (~> 1.4)
    - Localize (~> 2.2)
    - UIColor-HexRGB
  - ReactiveObjC (3.1.1)
  - TUSafariActivity (1.0.4)
  - UIColor-HexRGB (1.0.1)
  - VForceTouch (0.0.2)
  - WYPopoverController (0.3.9)
  - XLForm (3.3.0)

DEPENDENCIES:
  - CSPHeader (~> 0.4)
  - DTFoundation
  - InAppSettingsKit (~> 2.12)
  - OCMock
  - OCSPCache (from `https://github.com/mirokuratczyk/OCSPCache`)
  - OrderedDictionary
  - POE (~> 0.5)
  - TUSafariActivity
  - UIColor-HexRGB
  - VForceTouch
  - WYPopoverController (from `https://github.com/sammcewan/WYPopoverController.git`)
  - XLForm (from `https://github.com/jcs/XLForm.git`)

SPEC REPOS:
  https://github.com/cocoapods/specs.git:
    - CSPHeader
    - DTFoundation
    - InAppSettingsKit
    - KMPlaceholderTextView
    - Localize
    - OCMock
    - OpenSSL-Universal
    - OrderedDictionary
    - POE
    - ReactiveObjC
    - TUSafariActivity
    - UIColor-HexRGB
    - VForceTouch

EXTERNAL SOURCES:
  OCSPCache:
    :git: https://github.com/mirokuratczyk/OCSPCache
  WYPopoverController:
    :git: https://github.com/sammcewan/WYPopoverController.git
  XLForm:
    :git: https://github.com/jcs/XLForm.git

CHECKOUT OPTIONS:
  OCSPCache:
    :commit: fec58d95f3474346fd2fa3e4ea8281b9ff51afa8
    :git: https://github.com/mirokuratczyk/OCSPCache
  WYPopoverController:
    :commit: 9b8011bd95bd95f6fca6a0afa78965fbf645a062
    :git: https://github.com/sammcewan/WYPopoverController.git
  XLForm:
    :commit: 03bab2d19c94366ea993bf0b3983820cc1f45cf8
    :git: https://github.com/jcs/XLForm.git

SPEC CHECKSUMS:
  CSPHeader: adec9dd23d5ea822b8e397407c40c6435b4a7c49
  DTFoundation: f03be9fd786f11e505bb8fc44e2a3732bf0917df
  InAppSettingsKit: 363ed5ea061ebcb76d69ca1eed08c8a4fe48baf2
  KMPlaceholderTextView: 2206c3df39979e9396e2d96fa9f427a8951121b0
  Localize: cb1ae53ed73decaad0dce217806ed983091913f5
  OCMock: 43565190abc78977ad44a61c0d20d7f0784d35ab
  OCSPCache: 96237607aa9f77ba2fd9119e383b9fb1ef41cfa2
  OpenSSL-Universal: ff04c2e6befc3f1247ae039e60c93f76345b3b5a
  OrderedDictionary: 138c8d2e358d3a0c9adda15c6c7db24e8e3b09e6
  POE: a90b4ad4e3684a31e5df031c9ba382ddbf59cdd5
  ReactiveObjC: 011caa393aa0383245f2dcf9bf02e86b80b36040
  TUSafariActivity: afc55a00965377939107ce4fdc7f951f62454546
  UIColor-HexRGB: daccfa7e936af664369734a164b0309087d7f970
  VForceTouch: b5c3a28625269e1818cf915728173bda9f669d6b
  WYPopoverController: a9db25ac2841a686acdc0f3a99bdb21545db32f4
  XLForm: d5c391dfc62865927b5bcab0a5a0dbfb3e02b0ec

PODFILE CHECKSUM: 47e8a5dc6d514c700fe207410376ceec11c77d3d

COCOAPODS: 1.7.5
