// !$*UTF8*$!
{
	archiveVersion = 1;
	classes = {
	};
	objectVersion = 46;
	objects = {

/* Begin PBXBuildFile section */
		690B74801BE4212900A5A4BE /* libed25519_donna.a in Frameworks */ = {isa = PBXBuildFile; fileRef = 690B747D1BE4212900A5A4BE /* libed25519_donna.a */; };
		690B74811BE4212900A5A4BE /* libed25519_ref10.a in Frameworks */ = {isa = PBXBuildFile; fileRef = 690B747E1BE4212900A5A4BE /* libed25519_ref10.a */; };
		690B74821BE4212900A5A4BE /* libor-trunnel.a in Frameworks */ = {isa = PBXBuildFile; fileRef = 690B747F1BE4212900A5A4BE /* libor-trunnel.a */; };
		69156B5D15FD544700BC560A /* Settings.xcdatamodeld in Sources */ = {isa = PBXBuildFile; fileRef = 69156B5B15FD544600BC560A /* Settings.xcdatamodeld */; };
		69156B6015FD54AF00BC560A /* Bookmark.m in Sources */ = {isa = PBXBuildFile; fileRef = 69156B5F15FD54AE00BC560A /* Bookmark.m */; };
		69156B6315FD54BC00BC560A /* Bridge.m in Sources */ = {isa = PBXBuildFile; fileRef = 69156B6215FD54BC00BC560A /* Bridge.m */; };
		691958D61536BA67000423A4 /* Reachability.m in Sources */ = {isa = PBXBuildFile; fileRef = 691958D41536B8AC000423A4 /* Reachability.m */; };
		6924C29015526343004BE7F9 /* SettingsTableViewController.m in Sources */ = {isa = PBXBuildFile; fileRef = 6924C28F15526343004BE7F9 /* SettingsTableViewController.m */; };
		6928942116F6741000C787B2 /* libcurve25519_donna.a in Frameworks */ = {isa = PBXBuildFile; fileRef = 6928942016F6741000C787B2 /* libcurve25519_donna.a */; };
		692B338C15FAF2E500A23DD5 /* BookmarkEditViewController.m in Sources */ = {isa = PBXBuildFile; fileRef = 692B338B15FAF2E400A23DD5 /* BookmarkEditViewController.m */; };
		692B86AF153CD4CB000806A9 /* NSData+Conversion.m in Sources */ = {isa = PBXBuildFile; fileRef = 692B86AE153CD4CB000806A9 /* NSData+Conversion.m */; };
		69374255189CBAF1002C65A0 /* help.html in Resources */ = {isa = PBXBuildFile; fileRef = 69374254189CBAF1002C65A0 /* help.html */; };
		6937425A189CC514002C65A0 /* NJKWebViewProgress.m in Sources */ = {isa = PBXBuildFile; fileRef = 69374257189CC514002C65A0 /* NJKWebViewProgress.m */; };
		6937425B189CC514002C65A0 /* NJKWebViewProgressView.m in Sources */ = {isa = PBXBuildFile; fileRef = 69374259189CC514002C65A0 /* NJKWebViewProgressView.m */; };
		6940BD1F15F84C0C00FE74CB /* TorController.m in Sources */ = {isa = PBXBuildFile; fileRef = 6940BD1E15F84C0C00FE74CB /* TorController.m */; };
		6940BD2515F8761900FE74CB /* CoreData.framework in Frameworks */ = {isa = PBXBuildFile; fileRef = 6940BD2415F8761900FE74CB /* CoreData.framework */; };
		69522A4C1D30272300EC6CD9 /* BridgeCustomViewController.m in Sources */ = {isa = PBXBuildFile; fileRef = 69522A4B1D30272300EC6CD9 /* BridgeCustomViewController.m */; };
		69522A4F1D30277100EC6CD9 /* BridgeViewController.m in Sources */ = {isa = PBXBuildFile; fileRef = 69522A4E1D30277100EC6CD9 /* BridgeViewController.m */; };
		6954F8ED15FE985E00AE8658 /* NSData+CocoaDevUsersAdditions.m in Sources */ = {isa = PBXBuildFile; fileRef = 6954F8EC15FE985E00AE8658 /* NSData+CocoaDevUsersAdditions.m */; };
		6959A7A819206E69002F8228 /* Entitlements.plist in Resources */ = {isa = PBXBuildFile; fileRef = 6959A7A719206E69002F8228 /* Entitlements.plist */; };
		695BF045189444FF00C27BC1 /* LICENSE in Resources */ = {isa = PBXBuildFile; fileRef = 695BF044189444FF00C27BC1 /* LICENSE */; };
		695BF04718944B5500C27BC1 /* startup2.html in Resources */ = {isa = PBXBuildFile; fileRef = 695BF04618944B5500C27BC1 /* startup2.html */; };
		6962EAAD19D534DF00FDD0A7 /* Images.xcassets in Resources */ = {isa = PBXBuildFile; fileRef = 6962EAAC19D534DF00FDD0A7 /* Images.xcassets */; };
		6963E61615FAB2EC00310E8D /* BookmarkTableViewController.m in Sources */ = {isa = PBXBuildFile; fileRef = 6963E61515FAB2EC00310E8D /* BookmarkTableViewController.m */; };
		696C33AE1530D0D400990E69 /* startup.html in Resources */ = {isa = PBXBuildFile; fileRef = 696C33AD1530D0D400990E69 /* startup.html */; };
		696EBD7814F7877900B81BC9 /* UIKit.framework in Frameworks */ = {isa = PBXBuildFile; fileRef = 696EBD7714F7877900B81BC9 /* UIKit.framework */; };
		696EBD7A14F7877900B81BC9 /* Foundation.framework in Frameworks */ = {isa = PBXBuildFile; fileRef = 696EBD7914F7877900B81BC9 /* Foundation.framework */; };
		696EBD7C14F7877900B81BC9 /* CoreGraphics.framework in Frameworks */ = {isa = PBXBuildFile; fileRef = 696EBD7B14F7877900B81BC9 /* CoreGraphics.framework */; };
		696EBD8214F7877900B81BC9 /* InfoPlist.strings in Resources */ = {isa = PBXBuildFile; fileRef = 696EBD8014F7877900B81BC9 /* InfoPlist.strings */; };
		696EBD8414F7877900B81BC9 /* main.m in Sources */ = {isa = PBXBuildFile; fileRef = 696EBD8314F7877900B81BC9 /* main.m */; };
		696EBD8814F7877900B81BC9 /* AppDelegate.m in Sources */ = {isa = PBXBuildFile; fileRef = 696EBD8714F7877900B81BC9 /* AppDelegate.m */; };
		696F9EAB14F8D5A900BC5FDC /* TorWrapper.m in Sources */ = {isa = PBXBuildFile; fileRef = 696F9EA914F8D51300BC5FDC /* TorWrapper.m */; };
		696F9EAE14F8D6ED00BC5FDC /* tor_main.c in Sources */ = {isa = PBXBuildFile; fileRef = 696F9EAD14F8D6ED00BC5FDC /* tor_main.c */; };
		696F9EB014F8DA6900BC5FDC /* torrc in Resources */ = {isa = PBXBuildFile; fileRef = 696F9EAF14F8DA6900BC5FDC /* torrc */; };
		696F9EB414F8DD6D00BC5FDC /* ULINetSocket.m in Sources */ = {isa = PBXBuildFile; fileRef = 696F9EB314F8DD6D00BC5FDC /* ULINetSocket.m */; };
		696F9EB614F8E21200BC5FDC /* CFNetwork.framework in Frameworks */ = {isa = PBXBuildFile; fileRef = 696F9EB514F8E21200BC5FDC /* CFNetwork.framework */; };
		6978ADBA1CB1EF9500A9DC4A /* libkeccak-tiny.a in Frameworks */ = {isa = PBXBuildFile; fileRef = 6978ADB91CB1EF9500A9DC4A /* libkeccak-tiny.a */; };
		697AB10A1866567400A6F3EE /* XCTest.framework in Frameworks */ = {isa = PBXBuildFile; fileRef = 697AB1091866567400A6F3EE /* XCTest.framework */; };
		697AB10B1866567400A6F3EE /* Foundation.framework in Frameworks */ = {isa = PBXBuildFile; fileRef = 696EBD7914F7877900B81BC9 /* Foundation.framework */; };
		697AB10C1866567400A6F3EE /* UIKit.framework in Frameworks */ = {isa = PBXBuildFile; fileRef = 696EBD7714F7877900B81BC9 /* UIKit.framework */; };
		697AB1121866567400A6F3EE /* InfoPlist.strings in Resources */ = {isa = PBXBuildFile; fileRef = 697AB1101866567400A6F3EE /* InfoPlist.strings */; };
		697AB1141866567400A6F3EE /* OnionBrowserTests.m in Sources */ = {isa = PBXBuildFile; fileRef = 697AB1131866567400A6F3EE /* OnionBrowserTests.m */; };
		697ABCD414FA036E00E1678C /* WebViewController.m in Sources */ = {isa = PBXBuildFile; fileRef = 697ABCD314FA036E00E1678C /* WebViewController.m */; };
		697ABCD614FA042C00E1678C /* SystemConfiguration.framework in Frameworks */ = {isa = PBXBuildFile; fileRef = 697ABCD514FA042C00E1678C /* SystemConfiguration.framework */; };
		697ABCD814FA043300E1678C /* MobileCoreServices.framework in Frameworks */ = {isa = PBXBuildFile; fileRef = 697ABCD714FA043300E1678C /* MobileCoreServices.framework */; };
		69847C4714F788E100288277 /* libcrypto.a in Frameworks */ = {isa = PBXBuildFile; fileRef = 69847C3C14F788E100288277 /* libcrypto.a */; };
		69847C4814F788E100288277 /* libevent_core.a in Frameworks */ = {isa = PBXBuildFile; fileRef = 69847C3D14F788E100288277 /* libevent_core.a */; };
		69847C4914F788E100288277 /* libevent_extra.a in Frameworks */ = {isa = PBXBuildFile; fileRef = 69847C3E14F788E100288277 /* libevent_extra.a */; };
		69847C4A14F788E100288277 /* libevent_openssl.a in Frameworks */ = {isa = PBXBuildFile; fileRef = 69847C3F14F788E100288277 /* libevent_openssl.a */; };
		69847C4B14F788E100288277 /* libevent_pthreads.a in Frameworks */ = {isa = PBXBuildFile; fileRef = 69847C4014F788E100288277 /* libevent_pthreads.a */; };
		69847C4C14F788E100288277 /* libevent.a in Frameworks */ = {isa = PBXBuildFile; fileRef = 69847C4114F788E100288277 /* libevent.a */; };
		69847C4D14F788E100288277 /* libor-crypto.a in Frameworks */ = {isa = PBXBuildFile; fileRef = 69847C4214F788E100288277 /* libor-crypto.a */; };
		69847C4E14F788E100288277 /* libor-event.a in Frameworks */ = {isa = PBXBuildFile; fileRef = 69847C4314F788E100288277 /* libor-event.a */; };
		69847C4F14F788E100288277 /* libor.a in Frameworks */ = {isa = PBXBuildFile; fileRef = 69847C4414F788E100288277 /* libor.a */; };
		69847C5014F788E100288277 /* libssl.a in Frameworks */ = {isa = PBXBuildFile; fileRef = 69847C4514F788E100288277 /* libssl.a */; };
		69847C5114F788E100288277 /* libtor.a in Frameworks */ = {isa = PBXBuildFile; fileRef = 69847C4614F788E100288277 /* libtor.a */; };
		69847C5414F788E900288277 /* libz.dylib in Frameworks */ = {isa = PBXBuildFile; fileRef = 69847C5314F788E900288277 /* libz.dylib */; };
		69855E071531576800720327 /* about.html in Resources */ = {isa = PBXBuildFile; fileRef = 69855E061531576800720327 /* about.html */; };
		699CCEBD14FA1939004A2F56 /* libxml2.dylib in Frameworks */ = {isa = PBXBuildFile; fileRef = 699CCEBC14FA1939004A2F56 /* libxml2.dylib */; };
		69A3758E1AAFF60F00AAE92B /* QRCameraSwitchButton.m in Sources */ = {isa = PBXBuildFile; fileRef = 69A375851AAFF60F00AAE92B /* QRCameraSwitchButton.m */; };
		69A3758F1AAFF60F00AAE92B /* QRCodeReader.m in Sources */ = {isa = PBXBuildFile; fileRef = 69A375871AAFF60F00AAE92B /* QRCodeReader.m */; };
		69A375901AAFF60F00AAE92B /* QRCodeReaderView.m in Sources */ = {isa = PBXBuildFile; fileRef = 69A3758A1AAFF60F00AAE92B /* QRCodeReaderView.m */; };
		69A375911AAFF60F00AAE92B /* QRCodeReaderViewController.m in Sources */ = {isa = PBXBuildFile; fileRef = 69A3758C1AAFF60F00AAE92B /* QRCodeReaderViewController.m */; };
		69AE086F1CB1E6D900A6B388 /* Iobfs4proxy.framework in Frameworks */ = {isa = PBXBuildFile; fileRef = 69AE086E1CB1E6D900A6B388 /* Iobfs4proxy.framework */; };
		69AE08721CB1E6EB00A6B388 /* ObfsWrapper.m in Sources */ = {isa = PBXBuildFile; fileRef = 69AE08711CB1E6EB00A6B388 /* ObfsWrapper.m */; };
		69C6F6A514FACC3000894495 /* ProxyURLProtocol.m in Sources */ = {isa = PBXBuildFile; fileRef = 69C6F6A414FACC3000894495 /* ProxyURLProtocol.m */; };
		69E50FFB1AAFE03900CCADE5 /* UIPlaceHolderTextView.m in Sources */ = {isa = PBXBuildFile; fileRef = 69E50FFA1AAFE03900CCADE5 /* UIPlaceHolderTextView.m */; };
		69E8A49D1981B59E00D84980 /* NSStringPunycodeAdditions.m in Sources */ = {isa = PBXBuildFile; fileRef = 69E8A49C1981B59E00D84980 /* NSStringPunycodeAdditions.m */; };
		69F3C5FD14FC8739008274C3 /* CKHTTPConnection.m in Sources */ = {isa = PBXBuildFile; fileRef = 69F3C5F814FC8739008274C3 /* CKHTTPConnection.m */; };
		69F88FCC1500A9D900C7BE98 /* geoip in Resources */ = {isa = PBXBuildFile; fileRef = 69F88FCB1500A9D900C7BE98 /* geoip */; };
/* End PBXBuildFile section */

/* Begin PBXContainerItemProxy section */
		697AB1161866567400A6F3EE /* PBXContainerItemProxy */ = {
			isa = PBXContainerItemProxy;
			containerPortal = 696EBD6A14F7877900B81BC9 /* Project object */;
			proxyType = 1;
			remoteGlobalIDString = 696EBD7214F7877900B81BC9;
			remoteInfo = OnionBrowser;
		};
/* End PBXContainerItemProxy section */

/* Begin PBXFileReference section */
		690B747D1BE4212900A5A4BE /* libed25519_donna.a */ = {isa = PBXFileReference; lastKnownFileType = archive.ar; name = libed25519_donna.a; path = ../dependencies/lib/libed25519_donna.a; sourceTree = "<group>"; };
		690B747E1BE4212900A5A4BE /* libed25519_ref10.a */ = {isa = PBXFileReference; lastKnownFileType = archive.ar; name = libed25519_ref10.a; path = ../dependencies/lib/libed25519_ref10.a; sourceTree = "<group>"; };
		690B747F1BE4212900A5A4BE /* libor-trunnel.a */ = {isa = PBXFileReference; lastKnownFileType = archive.ar; name = "libor-trunnel.a"; path = "../dependencies/lib/libor-trunnel.a"; sourceTree = "<group>"; };
		69156B5C15FD544700BC560A /* Settings.xcdatamodel */ = {isa = PBXFileReference; lastKnownFileType = wrapper.xcdatamodel; path = Settings.xcdatamodel; sourceTree = "<group>"; };
		69156B5E15FD54AE00BC560A /* Bookmark.h */ = {isa = PBXFileReference; fileEncoding = 4; lastKnownFileType = sourcecode.c.h; path = Bookmark.h; sourceTree = "<group>"; };
		69156B5F15FD54AE00BC560A /* Bookmark.m */ = {isa = PBXFileReference; fileEncoding = 4; lastKnownFileType = sourcecode.c.objc; path = Bookmark.m; sourceTree = "<group>"; };
		69156B6115FD54BC00BC560A /* Bridge.h */ = {isa = PBXFileReference; fileEncoding = 4; lastKnownFileType = sourcecode.c.h; path = Bridge.h; sourceTree = "<group>"; };
		69156B6215FD54BC00BC560A /* Bridge.m */ = {isa = PBXFileReference; fileEncoding = 4; lastKnownFileType = sourcecode.c.objc; path = Bridge.m; sourceTree = "<group>"; };
		691958D31536B8AC000423A4 /* Reachability.h */ = {isa = PBXFileReference; lastKnownFileType = sourcecode.c.h; path = Reachability.h; sourceTree = "<group>"; };
		691958D41536B8AC000423A4 /* Reachability.m */ = {isa = PBXFileReference; lastKnownFileType = sourcecode.c.objc; path = Reachability.m; sourceTree = "<group>"; };
		6924C28E15526343004BE7F9 /* SettingsTableViewController.h */ = {isa = PBXFileReference; fileEncoding = 4; lastKnownFileType = sourcecode.c.h; path = SettingsTableViewController.h; sourceTree = "<group>"; };
		6924C28F15526343004BE7F9 /* SettingsTableViewController.m */ = {isa = PBXFileReference; fileEncoding = 4; lastKnownFileType = sourcecode.c.objc; path = SettingsTableViewController.m; sourceTree = "<group>"; };
		6928942016F6741000C787B2 /* libcurve25519_donna.a */ = {isa = PBXFileReference; lastKnownFileType = archive.ar; name = libcurve25519_donna.a; path = ../dependencies/lib/libcurve25519_donna.a; sourceTree = "<group>"; };
		692B338A15FAF2E400A23DD5 /* BookmarkEditViewController.h */ = {isa = PBXFileReference; fileEncoding = 4; lastKnownFileType = sourcecode.c.h; path = BookmarkEditViewController.h; sourceTree = "<group>"; };
		692B338B15FAF2E400A23DD5 /* BookmarkEditViewController.m */ = {isa = PBXFileReference; fileEncoding = 4; lastKnownFileType = sourcecode.c.objc; path = BookmarkEditViewController.m; sourceTree = "<group>"; };
		692B86AD153CD4CB000806A9 /* NSData+Conversion.h */ = {isa = PBXFileReference; fileEncoding = 4; lastKnownFileType = sourcecode.c.h; path = "NSData+Conversion.h"; sourceTree = "<group>"; };
		692B86AE153CD4CB000806A9 /* NSData+Conversion.m */ = {isa = PBXFileReference; fileEncoding = 4; lastKnownFileType = sourcecode.c.objc; path = "NSData+Conversion.m"; sourceTree = "<group>"; };
		69374254189CBAF1002C65A0 /* help.html */ = {isa = PBXFileReference; fileEncoding = 4; lastKnownFileType = text.html; lineEnding = 0; path = help.html; sourceTree = "<group>"; xcLanguageSpecificationIdentifier = xcode.lang.html; };
		69374256189CC514002C65A0 /* NJKWebViewProgress.h */ = {isa = PBXFileReference; fileEncoding = 4; lastKnownFileType = sourcecode.c.h; name = NJKWebViewProgress.h; path = NJKWebViewProgress/NJKWebViewProgress.h; sourceTree = "<group>"; };
		69374257189CC514002C65A0 /* NJKWebViewProgress.m */ = {isa = PBXFileReference; fileEncoding = 4; lastKnownFileType = sourcecode.c.objc; name = NJKWebViewProgress.m; path = NJKWebViewProgress/NJKWebViewProgress.m; sourceTree = "<group>"; };
		69374258189CC514002C65A0 /* NJKWebViewProgressView.h */ = {isa = PBXFileReference; fileEncoding = 4; lastKnownFileType = sourcecode.c.h; name = NJKWebViewProgressView.h; path = NJKWebViewProgress/NJKWebViewProgressView.h; sourceTree = "<group>"; };
		69374259189CC514002C65A0 /* NJKWebViewProgressView.m */ = {isa = PBXFileReference; fileEncoding = 4; lastKnownFileType = sourcecode.c.objc; name = NJKWebViewProgressView.m; path = NJKWebViewProgress/NJKWebViewProgressView.m; sourceTree = "<group>"; };
		6940BD1D15F84C0C00FE74CB /* TorController.h */ = {isa = PBXFileReference; fileEncoding = 4; lastKnownFileType = sourcecode.c.h; path = TorController.h; sourceTree = "<group>"; };
		6940BD1E15F84C0C00FE74CB /* TorController.m */ = {isa = PBXFileReference; fileEncoding = 4; lastKnownFileType = sourcecode.c.objc; path = TorController.m; sourceTree = "<group>"; };
		6940BD2415F8761900FE74CB /* CoreData.framework */ = {isa = PBXFileReference; lastKnownFileType = wrapper.framework; name = CoreData.framework; path = System/Library/Frameworks/CoreData.framework; sourceTree = SDKROOT; };
		69522A4A1D30272300EC6CD9 /* BridgeCustomViewController.h */ = {isa = PBXFileReference; fileEncoding = 4; lastKnownFileType = sourcecode.c.h; path = BridgeCustomViewController.h; sourceTree = "<group>"; };
		69522A4B1D30272300EC6CD9 /* BridgeCustomViewController.m */ = {isa = PBXFileReference; fileEncoding = 4; lastKnownFileType = sourcecode.c.objc; path = BridgeCustomViewController.m; sourceTree = "<group>"; };
		69522A4D1D30277100EC6CD9 /* BridgeViewController.h */ = {isa = PBXFileReference; fileEncoding = 4; lastKnownFileType = sourcecode.c.h; path = BridgeViewController.h; sourceTree = "<group>"; };
		69522A4E1D30277100EC6CD9 /* BridgeViewController.m */ = {isa = PBXFileReference; fileEncoding = 4; lastKnownFileType = sourcecode.c.objc; path = BridgeViewController.m; sourceTree = "<group>"; };
		6954F8EB15FE985E00AE8658 /* NSData+CocoaDevUsersAdditions.h */ = {isa = PBXFileReference; fileEncoding = 4; lastKnownFileType = sourcecode.c.h; path = "NSData+CocoaDevUsersAdditions.h"; sourceTree = "<group>"; };
		6954F8EC15FE985E00AE8658 /* NSData+CocoaDevUsersAdditions.m */ = {isa = PBXFileReference; fileEncoding = 4; lastKnownFileType = sourcecode.c.objc; path = "NSData+CocoaDevUsersAdditions.m"; sourceTree = "<group>"; };
		6959A7A719206E69002F8228 /* Entitlements.plist */ = {isa = PBXFileReference; fileEncoding = 4; lastKnownFileType = text.plist.xml; name = Entitlements.plist; path = ../Entitlements.plist; sourceTree = "<group>"; };
		695BF044189444FF00C27BC1 /* LICENSE */ = {isa = PBXFileReference; fileEncoding = 4; lastKnownFileType = text; lineEnding = 0; name = LICENSE; path = ../LICENSE; sourceTree = "<group>"; };
		695BF04618944B5500C27BC1 /* startup2.html */ = {isa = PBXFileReference; fileEncoding = 4; lastKnownFileType = text.html; lineEnding = 0; path = startup2.html; sourceTree = "<group>"; xcLanguageSpecificationIdentifier = xcode.lang.html; };
		6962EAAC19D534DF00FDD0A7 /* Images.xcassets */ = {isa = PBXFileReference; lastKnownFileType = folder.assetcatalog; name = Images.xcassets; path = OnionBrowser/Images.xcassets; sourceTree = "<group>"; };
		6963E61415FAB2EC00310E8D /* BookmarkTableViewController.h */ = {isa = PBXFileReference; fileEncoding = 4; lastKnownFileType = sourcecode.c.h; path = BookmarkTableViewController.h; sourceTree = "<group>"; };
		6963E61515FAB2EC00310E8D /* BookmarkTableViewController.m */ = {isa = PBXFileReference; fileEncoding = 4; lastKnownFileType = sourcecode.c.objc; path = BookmarkTableViewController.m; sourceTree = "<group>"; };
		696C33AD1530D0D400990E69 /* startup.html */ = {isa = PBXFileReference; fileEncoding = 4; lastKnownFileType = text.html; path = startup.html; sourceTree = "<group>"; };
		696EBD7314F7877900B81BC9 /* OnionBrowser.app */ = {isa = PBXFileReference; explicitFileType = wrapper.application; includeInIndex = 0; path = OnionBrowser.app; sourceTree = BUILT_PRODUCTS_DIR; };
		696EBD7714F7877900B81BC9 /* UIKit.framework */ = {isa = PBXFileReference; lastKnownFileType = wrapper.framework; name = UIKit.framework; path = System/Library/Frameworks/UIKit.framework; sourceTree = SDKROOT; };
		696EBD7914F7877900B81BC9 /* Foundation.framework */ = {isa = PBXFileReference; lastKnownFileType = wrapper.framework; name = Foundation.framework; path = System/Library/Frameworks/Foundation.framework; sourceTree = SDKROOT; };
		696EBD7B14F7877900B81BC9 /* CoreGraphics.framework */ = {isa = PBXFileReference; lastKnownFileType = wrapper.framework; name = CoreGraphics.framework; path = System/Library/Frameworks/CoreGraphics.framework; sourceTree = SDKROOT; };
		696EBD7F14F7877900B81BC9 /* OnionBrowser-Info.plist */ = {isa = PBXFileReference; lastKnownFileType = text.plist.xml; path = "OnionBrowser-Info.plist"; sourceTree = "<group>"; };
		696EBD8114F7877900B81BC9 /* en */ = {isa = PBXFileReference; lastKnownFileType = text.plist.strings; name = en; path = en.lproj/InfoPlist.strings; sourceTree = "<group>"; };
		696EBD8314F7877900B81BC9 /* main.m */ = {isa = PBXFileReference; lastKnownFileType = sourcecode.c.objc; path = main.m; sourceTree = "<group>"; };
		696EBD8514F7877900B81BC9 /* OnionBrowser-Prefix.pch */ = {isa = PBXFileReference; lastKnownFileType = sourcecode.c.h; path = "OnionBrowser-Prefix.pch"; sourceTree = "<group>"; };
		696EBD8614F7877900B81BC9 /* AppDelegate.h */ = {isa = PBXFileReference; lastKnownFileType = sourcecode.c.h; path = AppDelegate.h; sourceTree = "<group>"; };
		696EBD8714F7877900B81BC9 /* AppDelegate.m */ = {isa = PBXFileReference; lastKnownFileType = sourcecode.c.objc; path = AppDelegate.m; sourceTree = "<group>"; };
		696F9EA814F8D51300BC5FDC /* TorWrapper.h */ = {isa = PBXFileReference; lastKnownFileType = sourcecode.c.h; path = TorWrapper.h; sourceTree = "<group>"; };
		696F9EA914F8D51300BC5FDC /* TorWrapper.m */ = {isa = PBXFileReference; lastKnownFileType = sourcecode.c.objc; path = TorWrapper.m; sourceTree = "<group>"; };
		696F9EAD14F8D6ED00BC5FDC /* tor_main.c */ = {isa = PBXFileReference; fileEncoding = 4; lastKnownFileType = sourcecode.c.c; path = tor_main.c; sourceTree = "<group>"; };
		696F9EAF14F8DA6900BC5FDC /* torrc */ = {isa = PBXFileReference; fileEncoding = 4; lastKnownFileType = text; path = torrc; sourceTree = "<group>"; };
		696F9EB214F8DD6D00BC5FDC /* ULINetSocket.h */ = {isa = PBXFileReference; fileEncoding = 4; lastKnownFileType = sourcecode.c.h; path = ULINetSocket.h; sourceTree = "<group>"; };
		696F9EB314F8DD6D00BC5FDC /* ULINetSocket.m */ = {isa = PBXFileReference; fileEncoding = 4; lastKnownFileType = sourcecode.c.objc; path = ULINetSocket.m; sourceTree = "<group>"; };
		696F9EB514F8E21200BC5FDC /* CFNetwork.framework */ = {isa = PBXFileReference; lastKnownFileType = wrapper.framework; name = CFNetwork.framework; path = System/Library/Frameworks/CFNetwork.framework; sourceTree = SDKROOT; };
		6978ADB91CB1EF9500A9DC4A /* libkeccak-tiny.a */ = {isa = PBXFileReference; lastKnownFileType = archive.ar; name = "libkeccak-tiny.a"; path = "../dependencies/lib/libkeccak-tiny.a"; sourceTree = "<group>"; };
		697AB1081866567400A6F3EE /* OnionBrowserTests.xctest */ = {isa = PBXFileReference; explicitFileType = wrapper.cfbundle; includeInIndex = 0; path = OnionBrowserTests.xctest; sourceTree = BUILT_PRODUCTS_DIR; };
		697AB1091866567400A6F3EE /* XCTest.framework */ = {isa = PBXFileReference; lastKnownFileType = wrapper.framework; name = XCTest.framework; path = Library/Frameworks/XCTest.framework; sourceTree = DEVELOPER_DIR; };
		697AB10F1866567400A6F3EE /* OnionBrowserTests-Info.plist */ = {isa = PBXFileReference; lastKnownFileType = text.plist.xml; path = "OnionBrowserTests-Info.plist"; sourceTree = "<group>"; };
		697AB1111866567400A6F3EE /* en */ = {isa = PBXFileReference; lastKnownFileType = text.plist.strings; name = en; path = en.lproj/InfoPlist.strings; sourceTree = "<group>"; };
		697AB1131866567400A6F3EE /* OnionBrowserTests.m */ = {isa = PBXFileReference; lastKnownFileType = sourcecode.c.objc; path = OnionBrowserTests.m; sourceTree = "<group>"; };
		697AB1151866567400A6F3EE /* OnionBrowserTests-Prefix.pch */ = {isa = PBXFileReference; lastKnownFileType = sourcecode.c.h; path = "OnionBrowserTests-Prefix.pch"; sourceTree = "<group>"; };
		697ABCD214FA036E00E1678C /* WebViewController.h */ = {isa = PBXFileReference; fileEncoding = 4; lastKnownFileType = sourcecode.c.h; path = WebViewController.h; sourceTree = "<group>"; };
		697ABCD314FA036E00E1678C /* WebViewController.m */ = {isa = PBXFileReference; fileEncoding = 4; lastKnownFileType = sourcecode.c.objc; path = WebViewController.m; sourceTree = "<group>"; };
		697ABCD514FA042C00E1678C /* SystemConfiguration.framework */ = {isa = PBXFileReference; lastKnownFileType = wrapper.framework; name = SystemConfiguration.framework; path = System/Library/Frameworks/SystemConfiguration.framework; sourceTree = SDKROOT; };
		697ABCD714FA043300E1678C /* MobileCoreServices.framework */ = {isa = PBXFileReference; lastKnownFileType = wrapper.framework; name = MobileCoreServices.framework; path = System/Library/Frameworks/MobileCoreServices.framework; sourceTree = SDKROOT; };
		69847C3C14F788E100288277 /* libcrypto.a */ = {isa = PBXFileReference; lastKnownFileType = archive.ar; name = libcrypto.a; path = ../dependencies/lib/libcrypto.a; sourceTree = "<group>"; };
		69847C3D14F788E100288277 /* libevent_core.a */ = {isa = PBXFileReference; lastKnownFileType = archive.ar; name = libevent_core.a; path = ../dependencies/lib/libevent_core.a; sourceTree = "<group>"; };
		69847C3E14F788E100288277 /* libevent_extra.a */ = {isa = PBXFileReference; lastKnownFileType = archive.ar; name = libevent_extra.a; path = ../dependencies/lib/libevent_extra.a; sourceTree = "<group>"; };
		69847C3F14F788E100288277 /* libevent_openssl.a */ = {isa = PBXFileReference; lastKnownFileType = archive.ar; name = libevent_openssl.a; path = ../dependencies/lib/libevent_openssl.a; sourceTree = "<group>"; };
		69847C4014F788E100288277 /* libevent_pthreads.a */ = {isa = PBXFileReference; lastKnownFileType = archive.ar; name = libevent_pthreads.a; path = ../dependencies/lib/libevent_pthreads.a; sourceTree = "<group>"; };
		69847C4114F788E100288277 /* libevent.a */ = {isa = PBXFileReference; lastKnownFileType = archive.ar; name = libevent.a; path = ../dependencies/lib/libevent.a; sourceTree = "<group>"; };
		69847C4214F788E100288277 /* libor-crypto.a */ = {isa = PBXFileReference; lastKnownFileType = archive.ar; name = "libor-crypto.a"; path = "../dependencies/lib/libor-crypto.a"; sourceTree = "<group>"; };
		69847C4314F788E100288277 /* libor-event.a */ = {isa = PBXFileReference; lastKnownFileType = archive.ar; name = "libor-event.a"; path = "../dependencies/lib/libor-event.a"; sourceTree = "<group>"; };
		69847C4414F788E100288277 /* libor.a */ = {isa = PBXFileReference; lastKnownFileType = archive.ar; name = libor.a; path = ../dependencies/lib/libor.a; sourceTree = "<group>"; };
		69847C4514F788E100288277 /* libssl.a */ = {isa = PBXFileReference; lastKnownFileType = archive.ar; name = libssl.a; path = ../dependencies/lib/libssl.a; sourceTree = "<group>"; };
		69847C4614F788E100288277 /* libtor.a */ = {isa = PBXFileReference; lastKnownFileType = archive.ar; name = libtor.a; path = ../dependencies/lib/libtor.a; sourceTree = "<group>"; };
		69847C5314F788E900288277 /* libz.dylib */ = {isa = PBXFileReference; lastKnownFileType = "compiled.mach-o.dylib"; name = libz.dylib; path = usr/lib/libz.dylib; sourceTree = SDKROOT; };
		69855E061531576800720327 /* about.html */ = {isa = PBXFileReference; fileEncoding = 4; lastKnownFileType = text.html; lineEnding = 0; path = about.html; sourceTree = "<group>"; xcLanguageSpecificationIdentifier = xcode.lang.html; };
		699CCEBC14FA1939004A2F56 /* libxml2.dylib */ = {isa = PBXFileReference; lastKnownFileType = "compiled.mach-o.dylib"; name = libxml2.dylib; path = usr/lib/libxml2.dylib; sourceTree = SDKROOT; };
		69A375841AAFF60F00AAE92B /* QRCameraSwitchButton.h */ = {isa = PBXFileReference; fileEncoding = 4; lastKnownFileType = sourcecode.c.h; path = QRCameraSwitchButton.h; sourceTree = "<group>"; };
		69A375851AAFF60F00AAE92B /* QRCameraSwitchButton.m */ = {isa = PBXFileReference; fileEncoding = 4; lastKnownFileType = sourcecode.c.objc; path = QRCameraSwitchButton.m; sourceTree = "<group>"; };
		69A375861AAFF60F00AAE92B /* QRCodeReader.h */ = {isa = PBXFileReference; fileEncoding = 4; lastKnownFileType = sourcecode.c.h; path = QRCodeReader.h; sourceTree = "<group>"; };
		69A375871AAFF60F00AAE92B /* QRCodeReader.m */ = {isa = PBXFileReference; fileEncoding = 4; lastKnownFileType = sourcecode.c.objc; path = QRCodeReader.m; sourceTree = "<group>"; };
		69A375881AAFF60F00AAE92B /* QRCodeReaderDelegate.h */ = {isa = PBXFileReference; fileEncoding = 4; lastKnownFileType = sourcecode.c.h; path = QRCodeReaderDelegate.h; sourceTree = "<group>"; };
		69A375891AAFF60F00AAE92B /* QRCodeReaderView.h */ = {isa = PBXFileReference; fileEncoding = 4; lastKnownFileType = sourcecode.c.h; path = QRCodeReaderView.h; sourceTree = "<group>"; };
		69A3758A1AAFF60F00AAE92B /* QRCodeReaderView.m */ = {isa = PBXFileReference; fileEncoding = 4; lastKnownFileType = sourcecode.c.objc; path = QRCodeReaderView.m; sourceTree = "<group>"; };
		69A3758B1AAFF60F00AAE92B /* QRCodeReaderViewController.h */ = {isa = PBXFileReference; fileEncoding = 4; lastKnownFileType = sourcecode.c.h; path = QRCodeReaderViewController.h; sourceTree = "<group>"; };
		69A3758C1AAFF60F00AAE92B /* QRCodeReaderViewController.m */ = {isa = PBXFileReference; fileEncoding = 4; lastKnownFileType = sourcecode.c.objc; path = QRCodeReaderViewController.m; sourceTree = "<group>"; };
		69AE086E1CB1E6D900A6B388 /* Iobfs4proxy.framework */ = {isa = PBXFileReference; lastKnownFileType = wrapper.framework; name = Iobfs4proxy.framework; path = ../Iobfs4proxy.framework; sourceTree = "<group>"; };
		69AE08701CB1E6EB00A6B388 /* ObfsWrapper.h */ = {isa = PBXFileReference; fileEncoding = 4; lastKnownFileType = sourcecode.c.h; path = ObfsWrapper.h; sourceTree = "<group>"; };
		69AE08711CB1E6EB00A6B388 /* ObfsWrapper.m */ = {isa = PBXFileReference; fileEncoding = 4; lastKnownFileType = sourcecode.c.objc; path = ObfsWrapper.m; sourceTree = "<group>"; };
		69C6F6A314FACC3000894495 /* ProxyURLProtocol.h */ = {isa = PBXFileReference; fileEncoding = 4; lastKnownFileType = sourcecode.c.h; name = ProxyURLProtocol.h; path = ../ProxyURLProtocol.h; sourceTree = "<group>"; };
		69C6F6A414FACC3000894495 /* ProxyURLProtocol.m */ = {isa = PBXFileReference; fileEncoding = 4; lastKnownFileType = sourcecode.c.objc; name = ProxyURLProtocol.m; path = ../ProxyURLProtocol.m; sourceTree = "<group>"; };
		69E50FF91AAFE03900CCADE5 /* UIPlaceHolderTextView.h */ = {isa = PBXFileReference; fileEncoding = 4; lastKnownFileType = sourcecode.c.h; path = UIPlaceHolderTextView.h; sourceTree = "<group>"; };
		69E50FFA1AAFE03900CCADE5 /* UIPlaceHolderTextView.m */ = {isa = PBXFileReference; fileEncoding = 4; lastKnownFileType = sourcecode.c.objc; path = UIPlaceHolderTextView.m; sourceTree = "<group>"; };
		69E8A49B1981B59E00D84980 /* NSStringPunycodeAdditions.h */ = {isa = PBXFileReference; fileEncoding = 4; lastKnownFileType = sourcecode.c.h; path = NSStringPunycodeAdditions.h; sourceTree = "<group>"; };
		69E8A49C1981B59E00D84980 /* NSStringPunycodeAdditions.m */ = {isa = PBXFileReference; fileEncoding = 4; lastKnownFileType = sourcecode.c.objc; path = NSStringPunycodeAdditions.m; sourceTree = "<group>"; };
		69F3C5F714FC8739008274C3 /* CKHTTPConnection.h */ = {isa = PBXFileReference; fileEncoding = 4; lastKnownFileType = sourcecode.c.h; name = CKHTTPConnection.h; path = ../ConnectionKit/CKHTTPConnection.h; sourceTree = "<group>"; };
		69F3C5F814FC8739008274C3 /* CKHTTPConnection.m */ = {isa = PBXFileReference; fileEncoding = 4; lastKnownFileType = sourcecode.c.objc; name = CKHTTPConnection.m; path = ../ConnectionKit/CKHTTPConnection.m; sourceTree = "<group>"; };
		69F88FCB1500A9D900C7BE98 /* geoip */ = {isa = PBXFileReference; fileEncoding = 4; lastKnownFileType = text; name = geoip; path = ../dependencies/share/geoip; sourceTree = "<group>"; };
/* End PBXFileReference section */

/* Begin PBXFrameworksBuildPhase section */
		696EBD7014F7877900B81BC9 /* Frameworks */ = {
			isa = PBXFrameworksBuildPhase;
			buildActionMask = 2147483647;
			files = (
				6940BD2515F8761900FE74CB /* CoreData.framework in Frameworks */,
				699CCEBD14FA1939004A2F56 /* libxml2.dylib in Frameworks */,
				697ABCD814FA043300E1678C /* MobileCoreServices.framework in Frameworks */,
				697ABCD614FA042C00E1678C /* SystemConfiguration.framework in Frameworks */,
				696EBD7814F7877900B81BC9 /* UIKit.framework in Frameworks */,
				696EBD7A14F7877900B81BC9 /* Foundation.framework in Frameworks */,
				696EBD7C14F7877900B81BC9 /* CoreGraphics.framework in Frameworks */,
				696F9EB614F8E21200BC5FDC /* CFNetwork.framework in Frameworks */,
				69847C5414F788E900288277 /* libz.dylib in Frameworks */,
				69AE086F1CB1E6D900A6B388 /* Iobfs4proxy.framework in Frameworks */,
				69847C4714F788E100288277 /* libcrypto.a in Frameworks */,
				69847C4814F788E100288277 /* libevent_core.a in Frameworks */,
				69847C4914F788E100288277 /* libevent_extra.a in Frameworks */,
				69847C4A14F788E100288277 /* libevent_openssl.a in Frameworks */,
				69847C4B14F788E100288277 /* libevent_pthreads.a in Frameworks */,
				69847C4C14F788E100288277 /* libevent.a in Frameworks */,
				69847C4D14F788E100288277 /* libor-crypto.a in Frameworks */,
				69847C4E14F788E100288277 /* libor-event.a in Frameworks */,
				69847C4F14F788E100288277 /* libor.a in Frameworks */,
				69847C5014F788E100288277 /* libssl.a in Frameworks */,
				69847C5114F788E100288277 /* libtor.a in Frameworks */,
				6928942116F6741000C787B2 /* libcurve25519_donna.a in Frameworks */,
				690B74801BE4212900A5A4BE /* libed25519_donna.a in Frameworks */,
				690B74811BE4212900A5A4BE /* libed25519_ref10.a in Frameworks */,
				6978ADBA1CB1EF9500A9DC4A /* libkeccak-tiny.a in Frameworks */,
				690B74821BE4212900A5A4BE /* libor-trunnel.a in Frameworks */,
			);
			runOnlyForDeploymentPostprocessing = 0;
		};
		697AB1051866567400A6F3EE /* Frameworks */ = {
			isa = PBXFrameworksBuildPhase;
			buildActionMask = 2147483647;
			files = (
				697AB10A1866567400A6F3EE /* XCTest.framework in Frameworks */,
				697AB10C1866567400A6F3EE /* UIKit.framework in Frameworks */,
				697AB10B1866567400A6F3EE /* Foundation.framework in Frameworks */,
			);
			runOnlyForDeploymentPostprocessing = 0;
		};
/* End PBXFrameworksBuildPhase section */

/* Begin PBXGroup section */
		6924C27515525F3B004BE7F9 /* Settings */ = {
			isa = PBXGroup;
			children = (
				69156B5B15FD544600BC560A /* Settings.xcdatamodeld */,
				6940BD3115F87FC100FE74CB /* SettingsView */,
				69A82A7D15F97553009B31F1 /* Bookmarks */,
			);
			name = Settings;
			sourceTree = "<group>";
		};
		6940BD3115F87FC100FE74CB /* SettingsView */ = {
			isa = PBXGroup;
			children = (
				696ECDE315FD4A6700F17494 /* Bridges */,
				6924C28E15526343004BE7F9 /* SettingsTableViewController.h */,
				6924C28F15526343004BE7F9 /* SettingsTableViewController.m */,
			);
			name = SettingsView;
			sourceTree = "<group>";
		};
		696EBD6814F7877900B81BC9 = {
			isa = PBXGroup;
			children = (
				6940BD2415F8761900FE74CB /* CoreData.framework */,
				696F9EB114F8DD5300BC5FDC /* ThirdParty */,
				69BB0A4C14F8D31800E7E909 /* Tor */,
				696EBD7D14F7877900B81BC9 /* OnionBrowser */,
				697AB10D1866567400A6F3EE /* OnionBrowserTests */,
				696EBD7614F7877900B81BC9 /* Frameworks */,
				69737A9B14FCD20600775275 /* Resources */,
				696EBD7414F7877900B81BC9 /* Products */,
			);
			sourceTree = "<group>";
		};
		696EBD7414F7877900B81BC9 /* Products */ = {
			isa = PBXGroup;
			children = (
				696EBD7314F7877900B81BC9 /* OnionBrowser.app */,
				697AB1081866567400A6F3EE /* OnionBrowserTests.xctest */,
			);
			name = Products;
			sourceTree = "<group>";
		};
		696EBD7614F7877900B81BC9 /* Frameworks */ = {
			isa = PBXGroup;
			children = (
				69AE086E1CB1E6D900A6B388 /* Iobfs4proxy.framework */,
				6978ADB91CB1EF9500A9DC4A /* libkeccak-tiny.a */,
				690B747D1BE4212900A5A4BE /* libed25519_donna.a */,
				690B747E1BE4212900A5A4BE /* libed25519_ref10.a */,
				690B747F1BE4212900A5A4BE /* libor-trunnel.a */,
				69847C5514F788F600288277 /* External */,
				69847C5314F788E900288277 /* libz.dylib */,
				699CCEBC14FA1939004A2F56 /* libxml2.dylib */,
				697ABCD714FA043300E1678C /* MobileCoreServices.framework */,
				697ABCD514FA042C00E1678C /* SystemConfiguration.framework */,
				696EBD7714F7877900B81BC9 /* UIKit.framework */,
				696EBD7914F7877900B81BC9 /* Foundation.framework */,
				696EBD7B14F7877900B81BC9 /* CoreGraphics.framework */,
				696F9EB514F8E21200BC5FDC /* CFNetwork.framework */,
				697AB1091866567400A6F3EE /* XCTest.framework */,
			);
			name = Frameworks;
			sourceTree = "<group>";
		};
		696EBD7D14F7877900B81BC9 /* OnionBrowser */ = {
			isa = PBXGroup;
			children = (
				696EBD8614F7877900B81BC9 /* AppDelegate.h */,
				696EBD8714F7877900B81BC9 /* AppDelegate.m */,
				696EBD7E14F7877900B81BC9 /* Supporting Files */,
				697ABCD214FA036E00E1678C /* WebViewController.h */,
				697ABCD314FA036E00E1678C /* WebViewController.m */,
				69C6F6A314FACC3000894495 /* ProxyURLProtocol.h */,
				69C6F6A414FACC3000894495 /* ProxyURLProtocol.m */,
				69F3C5F714FC8739008274C3 /* CKHTTPConnection.h */,
				69F3C5F814FC8739008274C3 /* CKHTTPConnection.m */,
				6924C27515525F3B004BE7F9 /* Settings */,
			);
			path = OnionBrowser;
			sourceTree = "<group>";
		};
		696EBD7E14F7877900B81BC9 /* Supporting Files */ = {
			isa = PBXGroup;
			children = (
				6959A7A719206E69002F8228 /* Entitlements.plist */,
				696EBD7F14F7877900B81BC9 /* OnionBrowser-Info.plist */,
				696EBD8014F7877900B81BC9 /* InfoPlist.strings */,
				696EBD8314F7877900B81BC9 /* main.m */,
				696EBD8514F7877900B81BC9 /* OnionBrowser-Prefix.pch */,
			);
			name = "Supporting Files";
			sourceTree = "<group>";
		};
		696ECDE315FD4A6700F17494 /* Bridges */ = {
			isa = PBXGroup;
			children = (
				69156B6115FD54BC00BC560A /* Bridge.h */,
				69156B6215FD54BC00BC560A /* Bridge.m */,
				69522A4D1D30277100EC6CD9 /* BridgeViewController.h */,
				69522A4E1D30277100EC6CD9 /* BridgeViewController.m */,
				69522A4A1D30272300EC6CD9 /* BridgeCustomViewController.h */,
				69522A4B1D30272300EC6CD9 /* BridgeCustomViewController.m */,
				69E50FF91AAFE03900CCADE5 /* UIPlaceHolderTextView.h */,
				69E50FFA1AAFE03900CCADE5 /* UIPlaceHolderTextView.m */,
			);
			name = Bridges;
			sourceTree = "<group>";
		};
		696F9EB114F8DD5300BC5FDC /* ThirdParty */ = {
			isa = PBXGroup;
			children = (
				691958D31536B8AC000423A4 /* Reachability.h */,
				691958D41536B8AC000423A4 /* Reachability.m */,
				696F9EB214F8DD6D00BC5FDC /* ULINetSocket.h */,
				696F9EB314F8DD6D00BC5FDC /* ULINetSocket.m */,
				692B86AD153CD4CB000806A9 /* NSData+Conversion.h */,
				692B86AE153CD4CB000806A9 /* NSData+Conversion.m */,
				6954F8EB15FE985E00AE8658 /* NSData+CocoaDevUsersAdditions.h */,
				6954F8EC15FE985E00AE8658 /* NSData+CocoaDevUsersAdditions.m */,
				69E8A49B1981B59E00D84980 /* NSStringPunycodeAdditions.h */,
				69E8A49C1981B59E00D84980 /* NSStringPunycodeAdditions.m */,
				69374256189CC514002C65A0 /* NJKWebViewProgress.h */,
				69374257189CC514002C65A0 /* NJKWebViewProgress.m */,
				69374258189CC514002C65A0 /* NJKWebViewProgressView.h */,
				69374259189CC514002C65A0 /* NJKWebViewProgressView.m */,
				69A375821AAFF60F00AAE92B /* QRCodeReaderViewController */,
			);
			name = ThirdParty;
			sourceTree = "<group>";
		};
		69737A9B14FCD20600775275 /* Resources */ = {
			isa = PBXGroup;
			children = (
				6962EAAC19D534DF00FDD0A7 /* Images.xcassets */,
				695BF044189444FF00C27BC1 /* LICENSE */,
				69855E061531576800720327 /* about.html */,
				69374254189CBAF1002C65A0 /* help.html */,
				696C33AD1530D0D400990E69 /* startup.html */,
				695BF04618944B5500C27BC1 /* startup2.html */,
			);
			name = Resources;
			sourceTree = "<group>";
		};
		697AB10D1866567400A6F3EE /* OnionBrowserTests */ = {
			isa = PBXGroup;
			children = (
				697AB1131866567400A6F3EE /* OnionBrowserTests.m */,
				697AB10E1866567400A6F3EE /* Supporting Files */,
			);
			path = OnionBrowserTests;
			sourceTree = "<group>";
		};
		697AB10E1866567400A6F3EE /* Supporting Files */ = {
			isa = PBXGroup;
			children = (
				697AB10F1866567400A6F3EE /* OnionBrowserTests-Info.plist */,
				697AB1101866567400A6F3EE /* InfoPlist.strings */,
				697AB1151866567400A6F3EE /* OnionBrowserTests-Prefix.pch */,
			);
			name = "Supporting Files";
			sourceTree = "<group>";
		};
		69847C5514F788F600288277 /* External */ = {
			isa = PBXGroup;
			children = (
				69847C3C14F788E100288277 /* libcrypto.a */,
				69847C3D14F788E100288277 /* libevent_core.a */,
				69847C3E14F788E100288277 /* libevent_extra.a */,
				69847C3F14F788E100288277 /* libevent_openssl.a */,
				69847C4014F788E100288277 /* libevent_pthreads.a */,
				69847C4114F788E100288277 /* libevent.a */,
				69847C4214F788E100288277 /* libor-crypto.a */,
				69847C4314F788E100288277 /* libor-event.a */,
				6928942016F6741000C787B2 /* libcurve25519_donna.a */,
				69847C4414F788E100288277 /* libor.a */,
				69847C4514F788E100288277 /* libssl.a */,
				69847C4614F788E100288277 /* libtor.a */,
			);
			name = External;
			sourceTree = "<group>";
		};
		69A375821AAFF60F00AAE92B /* QRCodeReaderViewController */ = {
			isa = PBXGroup;
			children = (
				69A375841AAFF60F00AAE92B /* QRCameraSwitchButton.h */,
				69A375851AAFF60F00AAE92B /* QRCameraSwitchButton.m */,
				69A375861AAFF60F00AAE92B /* QRCodeReader.h */,
				69A375871AAFF60F00AAE92B /* QRCodeReader.m */,
				69A375881AAFF60F00AAE92B /* QRCodeReaderDelegate.h */,
				69A375891AAFF60F00AAE92B /* QRCodeReaderView.h */,
				69A3758A1AAFF60F00AAE92B /* QRCodeReaderView.m */,
				69A3758B1AAFF60F00AAE92B /* QRCodeReaderViewController.h */,
				69A3758C1AAFF60F00AAE92B /* QRCodeReaderViewController.m */,
			);
			path = QRCodeReaderViewController;
			sourceTree = "<group>";
		};
		69A82A7D15F97553009B31F1 /* Bookmarks */ = {
			isa = PBXGroup;
			children = (
				6963E61415FAB2EC00310E8D /* BookmarkTableViewController.h */,
				6963E61515FAB2EC00310E8D /* BookmarkTableViewController.m */,
				692B338A15FAF2E400A23DD5 /* BookmarkEditViewController.h */,
				692B338B15FAF2E400A23DD5 /* BookmarkEditViewController.m */,
				69156B5E15FD54AE00BC560A /* Bookmark.h */,
				69156B5F15FD54AE00BC560A /* Bookmark.m */,
			);
			name = Bookmarks;
			sourceTree = "<group>";
		};
		69BB0A4C14F8D31800E7E909 /* Tor */ = {
			isa = PBXGroup;
			children = (
				69AE08701CB1E6EB00A6B388 /* ObfsWrapper.h */,
				69AE08711CB1E6EB00A6B388 /* ObfsWrapper.m */,
				696F9EA814F8D51300BC5FDC /* TorWrapper.h */,
				696F9EA914F8D51300BC5FDC /* TorWrapper.m */,
				6940BD1D15F84C0C00FE74CB /* TorController.h */,
				6940BD1E15F84C0C00FE74CB /* TorController.m */,
				696F9EAD14F8D6ED00BC5FDC /* tor_main.c */,
				696F9EAF14F8DA6900BC5FDC /* torrc */,
				69F88FCB1500A9D900C7BE98 /* geoip */,
			);
			name = Tor;
			sourceTree = "<group>";
		};
/* End PBXGroup section */

/* Begin PBXNativeTarget section */
		696EBD7214F7877900B81BC9 /* OnionBrowser */ = {
			isa = PBXNativeTarget;
			buildConfigurationList = 696EBD8B14F7877900B81BC9 /* Build configuration list for PBXNativeTarget "OnionBrowser" */;
			buildPhases = (
				696EBD6F14F7877900B81BC9 /* Sources */,
				696EBD7014F7877900B81BC9 /* Frameworks */,
				696EBD7114F7877900B81BC9 /* Resources */,
			);
			buildRules = (
			);
			dependencies = (
			);
			name = OnionBrowser;
			productName = OnionBrowser;
			productReference = 696EBD7314F7877900B81BC9 /* OnionBrowser.app */;
			productType = "com.apple.product-type.application";
		};
		697AB1071866567400A6F3EE /* OnionBrowserTests */ = {
			isa = PBXNativeTarget;
			buildConfigurationList = 697AB11B1866567400A6F3EE /* Build configuration list for PBXNativeTarget "OnionBrowserTests" */;
			buildPhases = (
				697AB1041866567400A6F3EE /* Sources */,
				697AB1051866567400A6F3EE /* Frameworks */,
				697AB1061866567400A6F3EE /* Resources */,
			);
			buildRules = (
			);
			dependencies = (
				697AB1171866567400A6F3EE /* PBXTargetDependency */,
			);
			name = OnionBrowserTests;
			productName = OnionBrowserTests;
			productReference = 697AB1081866567400A6F3EE /* OnionBrowserTests.xctest */;
			productType = "com.apple.product-type.bundle.unit-test";
		};
/* End PBXNativeTarget section */

/* Begin PBXProject section */
		696EBD6A14F7877900B81BC9 /* Project object */ = {
			isa = PBXProject;
			attributes = {
				LastUpgradeCheck = 0710;
				TargetAttributes = {
					696EBD7214F7877900B81BC9 = {
						DevelopmentTeam = 68QUP6KP2C;
						SystemCapabilities = {
							com.apple.DataProtection = {
								enabled = 1;
							};
						};
					};
					697AB1071866567400A6F3EE = {
						TestTargetID = 696EBD7214F7877900B81BC9;
					};
				};
			};
			buildConfigurationList = 696EBD6D14F7877900B81BC9 /* Build configuration list for PBXProject "OnionBrowser" */;
			compatibilityVersion = "Xcode 3.2";
			developmentRegion = English;
			hasScannedForEncodings = 0;
			knownRegions = (
				en,
			);
			mainGroup = 696EBD6814F7877900B81BC9;
			productRefGroup = 696EBD7414F7877900B81BC9 /* Products */;
			projectDirPath = "";
			projectRoot = "";
			targets = (
				696EBD7214F7877900B81BC9 /* OnionBrowser */,
				697AB1071866567400A6F3EE /* OnionBrowserTests */,
			);
		};
/* End PBXProject section */

/* Begin PBXResourcesBuildPhase section */
		696EBD7114F7877900B81BC9 /* Resources */ = {
			isa = PBXResourcesBuildPhase;
			buildActionMask = 2147483647;
			files = (
				696EBD8214F7877900B81BC9 /* InfoPlist.strings in Resources */,
				69374255189CBAF1002C65A0 /* help.html in Resources */,
				696F9EB014F8DA6900BC5FDC /* torrc in Resources */,
				69F88FCC1500A9D900C7BE98 /* geoip in Resources */,
				695BF045189444FF00C27BC1 /* LICENSE in Resources */,
				6959A7A819206E69002F8228 /* Entitlements.plist in Resources */,
				696C33AE1530D0D400990E69 /* startup.html in Resources */,
				69855E071531576800720327 /* about.html in Resources */,
				6962EAAD19D534DF00FDD0A7 /* Images.xcassets in Resources */,
				695BF04718944B5500C27BC1 /* startup2.html in Resources */,
			);
			runOnlyForDeploymentPostprocessing = 0;
		};
		697AB1061866567400A6F3EE /* Resources */ = {
			isa = PBXResourcesBuildPhase;
			buildActionMask = 2147483647;
			files = (
				697AB1121866567400A6F3EE /* InfoPlist.strings in Resources */,
			);
			runOnlyForDeploymentPostprocessing = 0;
		};
/* End PBXResourcesBuildPhase section */

/* Begin PBXSourcesBuildPhase section */
		696EBD6F14F7877900B81BC9 /* Sources */ = {
			isa = PBXSourcesBuildPhase;
			buildActionMask = 2147483647;
			files = (
				696EBD8414F7877900B81BC9 /* main.m in Sources */,
				6937425B189CC514002C65A0 /* NJKWebViewProgressView.m in Sources */,
				69522A4F1D30277100EC6CD9 /* BridgeViewController.m in Sources */,
				696F9EAB14F8D5A900BC5FDC /* TorWrapper.m in Sources */,
				691958D61536BA67000423A4 /* Reachability.m in Sources */,
				69522A4C1D30272300EC6CD9 /* BridgeCustomViewController.m in Sources */,
				696EBD8814F7877900B81BC9 /* AppDelegate.m in Sources */,
				69A375901AAFF60F00AAE92B /* QRCodeReaderView.m in Sources */,
				6937425A189CC514002C65A0 /* NJKWebViewProgress.m in Sources */,
				69A3758F1AAFF60F00AAE92B /* QRCodeReader.m in Sources */,
				696F9EAE14F8D6ED00BC5FDC /* tor_main.c in Sources */,
				696F9EB414F8DD6D00BC5FDC /* ULINetSocket.m in Sources */,
				697ABCD414FA036E00E1678C /* WebViewController.m in Sources */,
				69C6F6A514FACC3000894495 /* ProxyURLProtocol.m in Sources */,
				69F3C5FD14FC8739008274C3 /* CKHTTPConnection.m in Sources */,
				692B86AF153CD4CB000806A9 /* NSData+Conversion.m in Sources */,
				69E8A49D1981B59E00D84980 /* NSStringPunycodeAdditions.m in Sources */,
				6924C29015526343004BE7F9 /* SettingsTableViewController.m in Sources */,
				6940BD1F15F84C0C00FE74CB /* TorController.m in Sources */,
				6963E61615FAB2EC00310E8D /* BookmarkTableViewController.m in Sources */,
				692B338C15FAF2E500A23DD5 /* BookmarkEditViewController.m in Sources */,
				69AE08721CB1E6EB00A6B388 /* ObfsWrapper.m in Sources */,
				69E50FFB1AAFE03900CCADE5 /* UIPlaceHolderTextView.m in Sources */,
				69A3758E1AAFF60F00AAE92B /* QRCameraSwitchButton.m in Sources */,
				69156B5D15FD544700BC560A /* Settings.xcdatamodeld in Sources */,
				69156B6015FD54AF00BC560A /* Bookmark.m in Sources */,
				69156B6315FD54BC00BC560A /* Bridge.m in Sources */,
				69A375911AAFF60F00AAE92B /* QRCodeReaderViewController.m in Sources */,
				6954F8ED15FE985E00AE8658 /* NSData+CocoaDevUsersAdditions.m in Sources */,
			);
			runOnlyForDeploymentPostprocessing = 0;
		};
		697AB1041866567400A6F3EE /* Sources */ = {
			isa = PBXSourcesBuildPhase;
			buildActionMask = 2147483647;
			files = (
				697AB1141866567400A6F3EE /* OnionBrowserTests.m in Sources */,
			);
			runOnlyForDeploymentPostprocessing = 0;
		};
/* End PBXSourcesBuildPhase section */

/* Begin PBXTargetDependency section */
		697AB1171866567400A6F3EE /* PBXTargetDependency */ = {
			isa = PBXTargetDependency;
			target = 696EBD7214F7877900B81BC9 /* OnionBrowser */;
			targetProxy = 697AB1161866567400A6F3EE /* PBXContainerItemProxy */;
		};
/* End PBXTargetDependency section */

/* Begin PBXVariantGroup section */
		696EBD8014F7877900B81BC9 /* InfoPlist.strings */ = {
			isa = PBXVariantGroup;
			children = (
				696EBD8114F7877900B81BC9 /* en */,
			);
			name = InfoPlist.strings;
			sourceTree = "<group>";
		};
		697AB1101866567400A6F3EE /* InfoPlist.strings */ = {
			isa = PBXVariantGroup;
			children = (
				697AB1111866567400A6F3EE /* en */,
			);
			name = InfoPlist.strings;
			sourceTree = "<group>";
		};
/* End PBXVariantGroup section */

/* Begin XCBuildConfiguration section */
		6945ED4C15FB2E6000DE5EBD /* TestBuilds */ = {
			isa = XCBuildConfiguration;
			buildSettings = {
				ALWAYS_SEARCH_USER_PATHS = NO;
				CLANG_ENABLE_OBJC_ARC = YES;
				CLANG_WARN_BOOL_CONVERSION = YES;
				CLANG_WARN_CONSTANT_CONVERSION = YES;
				CLANG_WARN_EMPTY_BODY = YES;
				CLANG_WARN_ENUM_CONVERSION = YES;
				CLANG_WARN_INT_CONVERSION = YES;
				CLANG_WARN__DUPLICATE_METHOD_MATCH = YES;
				"CODE_SIGN_IDENTITY[sdk=iphoneos*]" = "iPhone Developer";
				"CODE_SIGN_IDENTITY[sdk=iphonesimulator*]" = "";
				DEPLOYMENT_POSTPROCESSING = YES;
				ENABLE_BITCODE = NO;
				GCC_C_LANGUAGE_STANDARD = gnu99;
				GCC_WARN_ABOUT_RETURN_TYPE = YES;
				GCC_WARN_UNDECLARED_SELECTOR = YES;
				GCC_WARN_UNINITIALIZED_AUTOS = YES;
				GCC_WARN_UNUSED_FUNCTION = YES;
				GCC_WARN_UNUSED_VARIABLE = YES;
				HEADER_SEARCH_PATHS = (
					../dependencies/include,
					../dependencies/include/common,
					../dependencies/include/or,
					"${SDK_DIR}/usr/include/libxml2",
				);
				IPHONEOS_DEPLOYMENT_TARGET = 8.2;
				LIBRARY_SEARCH_PATHS = ../dependencies/lib;
				LLVM_LTO = YES;
				SDKROOT = iphoneos;
				TARGETED_DEVICE_FAMILY = "1,2";
			};
			name = TestBuilds;
		};
		6945ED4D15FB2E6000DE5EBD /* TestBuilds */ = {
			isa = XCBuildConfiguration;
			buildSettings = {
				ASSETCATALOG_COMPILER_APPICON_NAME = AppIcon;
				ASSETCATALOG_COMPILER_LAUNCHIMAGE_NAME = LaunchImage;
				CLANG_ENABLE_MODULES = YES;
				FRAMEWORK_SEARCH_PATHS = "$(SRCROOT)/../**";
				GCC_PRECOMPILE_PREFIX_HEADER = YES;
				GCC_PREFIX_HEADER = "OnionBrowser/OnionBrowser-Prefix.pch";
				INFOPLIST_FILE = "OnionBrowser/OnionBrowser-Info.plist";
				LD_RUNPATH_SEARCH_PATHS = "$(inherited) @executable_path/Frameworks";
				LIBRARY_SEARCH_PATHS = (
					"$(inherited)",
					"\"$(SRCROOT)/../dependencies/lib\"",
				);
				PRODUCT_BUNDLE_IDENTIFIER = "com.miketigas.$(PRODUCT_NAME:rfc1034identifier)";
				PRODUCT_NAME = "$(TARGET_NAME)";
				WRAPPER_EXTENSION = app;
			};
			name = TestBuilds;
		};
		696EBD8914F7877900B81BC9 /* Debug */ = {
			isa = XCBuildConfiguration;
			buildSettings = {
				ALWAYS_SEARCH_USER_PATHS = NO;
				CLANG_ENABLE_OBJC_ARC = YES;
				CLANG_WARN_BOOL_CONVERSION = YES;
				CLANG_WARN_CONSTANT_CONVERSION = YES;
				CLANG_WARN_EMPTY_BODY = YES;
				CLANG_WARN_ENUM_CONVERSION = YES;
				CLANG_WARN_INT_CONVERSION = YES;
				CLANG_WARN__DUPLICATE_METHOD_MATCH = YES;
				"CODE_SIGN_IDENTITY[sdk=iphoneos*]" = "iPhone Developer";
				"CODE_SIGN_IDENTITY[sdk=iphonesimulator*]" = "";
				COPY_PHASE_STRIP = NO;
				ENABLE_BITCODE = NO;
				ENABLE_TESTABILITY = YES;
				GCC_C_LANGUAGE_STANDARD = gnu99;
				GCC_OPTIMIZATION_LEVEL = 0;
				GCC_PREPROCESSOR_DEFINITIONS = (
					"DEBUG=1",
					"$(inherited)",
				);
				GCC_WARN_ABOUT_RETURN_TYPE = YES;
				GCC_WARN_UNDECLARED_SELECTOR = YES;
				GCC_WARN_UNINITIALIZED_AUTOS = YES;
				GCC_WARN_UNUSED_FUNCTION = YES;
				GCC_WARN_UNUSED_VARIABLE = YES;
				HEADER_SEARCH_PATHS = (
					../dependencies/include,
					../dependencies/include/common,
					../dependencies/include/or,
					"${SDK_DIR}/usr/include/libxml2",
				);
				IPHONEOS_DEPLOYMENT_TARGET = 8.2;
				LIBRARY_SEARCH_PATHS = ../dependencies/lib;
				LLVM_LTO = YES;
				ONLY_ACTIVE_ARCH = YES;
				SDKROOT = iphoneos;
				STRIP_INSTALLED_PRODUCT = NO;
				TARGETED_DEVICE_FAMILY = "1,2";
			};
			name = Debug;
		};
		696EBD8A14F7877900B81BC9 /* Release */ = {
			isa = XCBuildConfiguration;
			buildSettings = {
				ALWAYS_SEARCH_USER_PATHS = NO;
				CLANG_ENABLE_OBJC_ARC = YES;
				CLANG_WARN_BOOL_CONVERSION = YES;
				CLANG_WARN_CONSTANT_CONVERSION = YES;
				CLANG_WARN_EMPTY_BODY = YES;
				CLANG_WARN_ENUM_CONVERSION = YES;
				CLANG_WARN_INT_CONVERSION = YES;
				CLANG_WARN__DUPLICATE_METHOD_MATCH = YES;
				"CODE_SIGN_IDENTITY[sdk=iphoneos*]" = "iPhone Distribution: Mike Tigas";
				"CODE_SIGN_IDENTITY[sdk=iphonesimulator*]" = "";
				DEPLOYMENT_POSTPROCESSING = YES;
				ENABLE_BITCODE = NO;
				GCC_C_LANGUAGE_STANDARD = gnu99;
				GCC_WARN_ABOUT_RETURN_TYPE = YES;
				GCC_WARN_UNDECLARED_SELECTOR = YES;
				GCC_WARN_UNINITIALIZED_AUTOS = YES;
				GCC_WARN_UNUSED_FUNCTION = YES;
				GCC_WARN_UNUSED_VARIABLE = YES;
				HEADER_SEARCH_PATHS = (
					../dependencies/include,
					../dependencies/include/common,
					../dependencies/include/or,
					"${SDK_DIR}/usr/include/libxml2",
				);
				IPHONEOS_DEPLOYMENT_TARGET = 8.2;
				LIBRARY_SEARCH_PATHS = ../dependencies/lib;
				LLVM_LTO = YES;
				OTHER_CFLAGS = "-DNS_BLOCK_ASSERTIONS=1";
				PROVISIONING_PROFILE = "e44b868c-6e0e-4652-aa76-448819ce1e14";
				SDKROOT = iphoneos;
				TARGETED_DEVICE_FAMILY = "1,2";
				VALIDATE_PRODUCT = YES;
			};
			name = Release;
		};
		696EBD8C14F7877900B81BC9 /* Debug */ = {
			isa = XCBuildConfiguration;
			buildSettings = {
				ASSETCATALOG_COMPILER_APPICON_NAME = AppIcon;
				ASSETCATALOG_COMPILER_LAUNCHIMAGE_NAME = LaunchImage;
				CLANG_ENABLE_MODULES = YES;
				FRAMEWORK_SEARCH_PATHS = "$(SRCROOT)/../**";
				GCC_PRECOMPILE_PREFIX_HEADER = YES;
				GCC_PREFIX_HEADER = "OnionBrowser/OnionBrowser-Prefix.pch";
				INFOPLIST_FILE = "OnionBrowser/OnionBrowser-Info.plist";
				LD_RUNPATH_SEARCH_PATHS = "$(inherited) @executable_path/Frameworks";
				LIBRARY_SEARCH_PATHS = (
					"$(inherited)",
					"\"$(SRCROOT)/../dependencies/lib\"",
				);
				PRODUCT_BUNDLE_IDENTIFIER = "com.miketigas.$(PRODUCT_NAME:rfc1034identifier)";
				PRODUCT_NAME = "$(TARGET_NAME)";
				WRAPPER_EXTENSION = app;
			};
			name = Debug;
		};
		696EBD8D14F7877900B81BC9 /* Release */ = {
			isa = XCBuildConfiguration;
			buildSettings = {
				ASSETCATALOG_COMPILER_APPICON_NAME = AppIcon;
				ASSETCATALOG_COMPILER_LAUNCHIMAGE_NAME = LaunchImage;
				CLANG_ENABLE_MODULES = YES;
				FRAMEWORK_SEARCH_PATHS = "$(SRCROOT)/../**";
				GCC_PRECOMPILE_PREFIX_HEADER = YES;
				GCC_PREFIX_HEADER = "OnionBrowser/OnionBrowser-Prefix.pch";
				INFOPLIST_FILE = "OnionBrowser/OnionBrowser-Info.plist";
				LD_RUNPATH_SEARCH_PATHS = "$(inherited) @executable_path/Frameworks";
				LIBRARY_SEARCH_PATHS = (
					"$(inherited)",
					"\"$(SRCROOT)/../dependencies/lib\"",
				);
				PRODUCT_BUNDLE_IDENTIFIER = "com.miketigas.$(PRODUCT_NAME:rfc1034identifier)";
				PRODUCT_NAME = "$(TARGET_NAME)";
				WRAPPER_EXTENSION = app;
			};
			name = Release;
		};
		697AB1181866567400A6F3EE /* Debug */ = {
			isa = XCBuildConfiguration;
			buildSettings = {
				BUNDLE_LOADER = "$(BUILT_PRODUCTS_DIR)/OnionBrowser.app/OnionBrowser";
				CLANG_CXX_LANGUAGE_STANDARD = "gnu++0x";
				CLANG_CXX_LIBRARY = "libc++";
				CLANG_ENABLE_MODULES = YES;
				CLANG_WARN_DIRECT_OBJC_ISA_USAGE = YES_ERROR;
				CLANG_WARN_OBJC_ROOT_CLASS = YES_ERROR;
				FRAMEWORK_SEARCH_PATHS = (
					"$(SDKROOT)/Developer/Library/Frameworks",
					"$(inherited)",
					"$(DEVELOPER_FRAMEWORKS_DIR)",
				);
				GCC_PRECOMPILE_PREFIX_HEADER = YES;
				GCC_PREFIX_HEADER = "OnionBrowserTests/OnionBrowserTests-Prefix.pch";
				GCC_PREPROCESSOR_DEFINITIONS = (
					"DEBUG=1",
					"$(inherited)",
				);
				GCC_WARN_64_TO_32_BIT_CONVERSION = YES;
				GCC_WARN_ABOUT_RETURN_TYPE = YES_ERROR;
				INFOPLIST_FILE = "OnionBrowserTests/OnionBrowserTests-Info.plist";
				IPHONEOS_DEPLOYMENT_TARGET = 7.0;
				PRODUCT_BUNDLE_IDENTIFIER = "com.miketigas.${PRODUCT_NAME:rfc1034identifier}";
				PRODUCT_NAME = "$(TARGET_NAME)";
				TEST_HOST = "$(BUNDLE_LOADER)";
				WRAPPER_EXTENSION = xctest;
			};
			name = Debug;
		};
		697AB1191866567400A6F3EE /* TestBuilds */ = {
			isa = XCBuildConfiguration;
			buildSettings = {
				BUNDLE_LOADER = "$(BUILT_PRODUCTS_DIR)/OnionBrowser.app/OnionBrowser";
				CLANG_CXX_LANGUAGE_STANDARD = "gnu++0x";
				CLANG_CXX_LIBRARY = "libc++";
				CLANG_ENABLE_MODULES = YES;
				CLANG_WARN_DIRECT_OBJC_ISA_USAGE = YES_ERROR;
				CLANG_WARN_OBJC_ROOT_CLASS = YES_ERROR;
				ENABLE_NS_ASSERTIONS = NO;
				FRAMEWORK_SEARCH_PATHS = (
					"$(SDKROOT)/Developer/Library/Frameworks",
					"$(inherited)",
					"$(DEVELOPER_FRAMEWORKS_DIR)",
				);
				GCC_PRECOMPILE_PREFIX_HEADER = YES;
				GCC_PREFIX_HEADER = "OnionBrowserTests/OnionBrowserTests-Prefix.pch";
				GCC_WARN_64_TO_32_BIT_CONVERSION = YES;
				GCC_WARN_ABOUT_RETURN_TYPE = YES_ERROR;
				INFOPLIST_FILE = "OnionBrowserTests/OnionBrowserTests-Info.plist";
				IPHONEOS_DEPLOYMENT_TARGET = 7.0;
				PRODUCT_BUNDLE_IDENTIFIER = "com.miketigas.${PRODUCT_NAME:rfc1034identifier}";
				PRODUCT_NAME = "$(TARGET_NAME)";
				TEST_HOST = "$(BUNDLE_LOADER)";
				WRAPPER_EXTENSION = xctest;
			};
			name = TestBuilds;
		};
		697AB11A1866567400A6F3EE /* Release */ = {
			isa = XCBuildConfiguration;
			buildSettings = {
				BUNDLE_LOADER = "$(BUILT_PRODUCTS_DIR)/OnionBrowser.app/OnionBrowser";
				CLANG_CXX_LANGUAGE_STANDARD = "gnu++0x";
				CLANG_CXX_LIBRARY = "libc++";
				CLANG_ENABLE_MODULES = YES;
				CLANG_WARN_DIRECT_OBJC_ISA_USAGE = YES_ERROR;
				CLANG_WARN_OBJC_ROOT_CLASS = YES_ERROR;
				ENABLE_NS_ASSERTIONS = NO;
				FRAMEWORK_SEARCH_PATHS = (
					"$(SDKROOT)/Developer/Library/Frameworks",
					"$(inherited)",
					"$(DEVELOPER_FRAMEWORKS_DIR)",
				);
				GCC_PRECOMPILE_PREFIX_HEADER = YES;
				GCC_PREFIX_HEADER = "OnionBrowserTests/OnionBrowserTests-Prefix.pch";
				GCC_WARN_64_TO_32_BIT_CONVERSION = YES;
				GCC_WARN_ABOUT_RETURN_TYPE = YES_ERROR;
				INFOPLIST_FILE = "OnionBrowserTests/OnionBrowserTests-Info.plist";
				IPHONEOS_DEPLOYMENT_TARGET = 7.0;
				PRODUCT_BUNDLE_IDENTIFIER = "com.miketigas.${PRODUCT_NAME:rfc1034identifier}";
				PRODUCT_NAME = "$(TARGET_NAME)";
				TEST_HOST = "$(BUNDLE_LOADER)";
				WRAPPER_EXTENSION = xctest;
			};
			name = Release;
		};
/* End XCBuildConfiguration section */

/* Begin XCConfigurationList section */
		696EBD6D14F7877900B81BC9 /* Build configuration list for PBXProject "OnionBrowser" */ = {
			isa = XCConfigurationList;
			buildConfigurations = (
				696EBD8914F7877900B81BC9 /* Debug */,
				6945ED4C15FB2E6000DE5EBD /* TestBuilds */,
				696EBD8A14F7877900B81BC9 /* Release */,
			);
			defaultConfigurationIsVisible = 0;
			defaultConfigurationName = Release;
		};
		696EBD8B14F7877900B81BC9 /* Build configuration list for PBXNativeTarget "OnionBrowser" */ = {
			isa = XCConfigurationList;
			buildConfigurations = (
				696EBD8C14F7877900B81BC9 /* Debug */,
				6945ED4D15FB2E6000DE5EBD /* TestBuilds */,
				696EBD8D14F7877900B81BC9 /* Release */,
			);
			defaultConfigurationIsVisible = 0;
			defaultConfigurationName = Release;
		};
		697AB11B1866567400A6F3EE /* Build configuration list for PBXNativeTarget "OnionBrowserTests" */ = {
			isa = XCConfigurationList;
			buildConfigurations = (
				697AB1181866567400A6F3EE /* Debug */,
				697AB1191866567400A6F3EE /* TestBuilds */,
				697AB11A1866567400A6F3EE /* Release */,
			);
			defaultConfigurationIsVisible = 0;
			defaultConfigurationName = Release;
		};
/* End XCConfigurationList section */

/* Begin XCVersionGroup section */
		69156B5B15FD544600BC560A /* Settings.xcdatamodeld */ = {
			isa = XCVersionGroup;
			children = (
				69156B5C15FD544700BC560A /* Settings.xcdatamodel */,
			);
			currentVersion = 69156B5C15FD544700BC560A /* Settings.xcdatamodel */;
			path = Settings.xcdatamodeld;
			sourceTree = "<group>";
			versionGroupType = wrapper.xcdatamodel;
		};
/* End XCVersionGroup section */
	};
	rootObject = 696EBD6A14F7877900B81BC9 /* Project object */;
}
