// !$*UTF8*$!
{
	archiveVersion = 1;
	classes = {
	};
	objectVersion = 46;
	objects = {

/* Begin PBXBuildFile section */
		010EEA661A43A536001E8B65 /* CookieWhitelistController.m in Sources */ = {isa = PBXBuildFile; fileRef = 010EEA651A43A536001E8B65 /* CookieWhitelistController.m */; };
		010EEA691A43C8CF001E8B65 /* CookieWhitelist.m in Sources */ = {isa = PBXBuildFile; fileRef = 010EEA681A43C8CF001E8B65 /* CookieWhitelist.m */; };
		0135F4761A3D2931005A8F16 /* SearchEngines.plist in Resources */ = {isa = PBXBuildFile; fileRef = 0135F4751A3D2931005A8F16 /* SearchEngines.plist */; };
		0135F47F1A3E548F005A8F16 /* WebViewTab.m in Sources */ = {isa = PBXBuildFile; fileRef = 0135F47E1A3E548F005A8F16 /* WebViewTab.m */; };
		01801E981A32CA2A002B4718 /* main.m in Sources */ = {isa = PBXBuildFile; fileRef = 01801E971A32CA2A002B4718 /* main.m */; };
		01801E9B1A32CA2A002B4718 /* AppDelegate.m in Sources */ = {isa = PBXBuildFile; fileRef = 01801E9A1A32CA2A002B4718 /* AppDelegate.m */; };
		01801EA11A32CA2A002B4718 /* WebViewController.m in Sources */ = {isa = PBXBuildFile; fileRef = 01801EA01A32CA2A002B4718 /* WebViewController.m */; };
		01801EA61A32CA2A002B4718 /* Images.xcassets in Resources */ = {isa = PBXBuildFile; fileRef = 01801EA51A32CA2A002B4718 /* Images.xcassets */; };
		01801EC01A335BEC002B4718 /* URLInterceptor.m in Sources */ = {isa = PBXBuildFile; fileRef = 01801EBF1A335BEC002B4718 /* URLInterceptor.m */; };
		01801EC31A3360F8002B4718 /* InAppSettings.bundle in Resources */ = {isa = PBXBuildFile; fileRef = 01801EC21A3360F8002B4718 /* InAppSettings.bundle */; };
		018333CA1A3505FB00670CD1 /* HTTPSEverywhere.m in Sources */ = {isa = PBXBuildFile; fileRef = 018333C91A3505FB00670CD1 /* HTTPSEverywhere.m */; };
		018333D21A35291200670CD1 /* HTTPSEverywhereRule.m in Sources */ = {isa = PBXBuildFile; fileRef = 018333D11A35291200670CD1 /* HTTPSEverywhereRule.m */; };
		018333DC1A35727C00670CD1 /* HTTPSEverywhere_Tests.m in Sources */ = {isa = PBXBuildFile; fileRef = 018333DB1A35727C00670CD1 /* HTTPSEverywhere_Tests.m */; };
		018333E91A35746500670CD1 /* https-everywhere_rules.plist in Resources */ = {isa = PBXBuildFile; fileRef = 018333E71A35746500670CD1 /* https-everywhere_rules.plist */; };
		018333EA1A35746500670CD1 /* https-everywhere_targets.plist in Resources */ = {isa = PBXBuildFile; fileRef = 018333E81A35746500670CD1 /* https-everywhere_targets.plist */; };
		01D741281A44DF1C007B7033 /* WebViewMenuController.m in Sources */ = {isa = PBXBuildFile; fileRef = 01D741271A44DF1C007B7033 /* WebViewMenuController.m */; };
		01D7412A1A45EDD1007B7033 /* CookieWhitelist_Tests.m in Sources */ = {isa = PBXBuildFile; fileRef = 01D741291A45EDD1007B7033 /* CookieWhitelist_Tests.m */; };
		01D7412C1A45F8EB007B7033 /* injected.js in Resources */ = {isa = PBXBuildFile; fileRef = 01D7412B1A45F8EB007B7033 /* injected.js */; };
		01D7412F1A466AF0007B7033 /* NSString+JavascriptEscape.m in Sources */ = {isa = PBXBuildFile; fileRef = 01D7412E1A466AF0007B7033 /* NSString+JavascriptEscape.m */; };
		01D741321A49EA14007B7033 /* HTTPSEverywhereRuleController.m in Sources */ = {isa = PBXBuildFile; fileRef = 01D741311A49EA14007B7033 /* HTTPSEverywhereRuleController.m */; };
		01F8793B1A4108DD00A63654 /* URLBlocker.m in Sources */ = {isa = PBXBuildFile; fileRef = 01F8793A1A4108DD00A63654 /* URLBlocker.m */; };
		01F879411A4112E500A63654 /* URLBlocker_Tests.m in Sources */ = {isa = PBXBuildFile; fileRef = 01F879401A4112E500A63654 /* URLBlocker_Tests.m */; };
		01F879441A41140D00A63654 /* https-everywhere_mock_rules.plist in Resources */ = {isa = PBXBuildFile; fileRef = 01F879421A41140D00A63654 /* https-everywhere_mock_rules.plist */; };
		01F879451A41140D00A63654 /* https-everywhere_mock_targets.plist in Resources */ = {isa = PBXBuildFile; fileRef = 01F879431A41140D00A63654 /* https-everywhere_mock_targets.plist */; };
		01F879481A41141800A63654 /* urlblocker_mock_rules.plist in Resources */ = {isa = PBXBuildFile; fileRef = 01F879461A41141800A63654 /* urlblocker_mock_rules.plist */; };
		01F879491A41141800A63654 /* urlblocker_mock_targets.plist in Resources */ = {isa = PBXBuildFile; fileRef = 01F879471A41141800A63654 /* urlblocker_mock_targets.plist */; };
		01F8794B1A41232E00A63654 /* credits.html in Resources */ = {isa = PBXBuildFile; fileRef = 01F8794A1A41232E00A63654 /* credits.html */; };
		01F8794C1A4124FE00A63654 /* credits.html in Resources */ = {isa = PBXBuildFile; fileRef = 01F8794A1A41232E00A63654 /* credits.html */; };
		01F8794E1A412F8E00A63654 /* urlblocker_targets.plist in Resources */ = {isa = PBXBuildFile; fileRef = 01F8794D1A412F8E00A63654 /* urlblocker_targets.plist */; };
		01F8794F1A412FA500A63654 /* urlblocker_targets.plist in Resources */ = {isa = PBXBuildFile; fileRef = 01F8794D1A412F8E00A63654 /* urlblocker_targets.plist */; };
		0357A14A00B472D144F4F53B /* libPods.a in Frameworks */ = {isa = PBXBuildFile; fileRef = 5F000EBDB20709D482560EE0 /* libPods.a */; };
		9EA8BC559A538F5E91EAAF97 /* libPods-Endless Tests.a in Frameworks */ = {isa = PBXBuildFile; fileRef = 7C148194A51760B930A369C0 /* libPods-Endless Tests.a */; };
		BF746B2CD72A306F0316B40B /* libPods-Endless Tests.a in Frameworks */ = {isa = PBXBuildFile; fileRef = 78E95B84E061F9B319EB8E8B /* libPods-Endless Tests.a */; };
/* End PBXBuildFile section */

/* Begin PBXContainerItemProxy section */
		018333DD1A35727C00670CD1 /* PBXContainerItemProxy */ = {
			isa = PBXContainerItemProxy;
			containerPortal = 01801E8A1A32CA2A002B4718 /* Project object */;
			proxyType = 1;
			remoteGlobalIDString = 01801E911A32CA2A002B4718;
			remoteInfo = Endless;
		};
/* End PBXContainerItemProxy section */

/* Begin PBXFileReference section */
		010EEA641A43A536001E8B65 /* CookieWhitelistController.h */ = {isa = PBXFileReference; fileEncoding = 4; lastKnownFileType = sourcecode.c.h; path = CookieWhitelistController.h; sourceTree = "<group>"; };
		010EEA651A43A536001E8B65 /* CookieWhitelistController.m */ = {isa = PBXFileReference; fileEncoding = 4; lastKnownFileType = sourcecode.c.objc; path = CookieWhitelistController.m; sourceTree = "<group>"; };
		010EEA671A43C8CF001E8B65 /* CookieWhitelist.h */ = {isa = PBXFileReference; fileEncoding = 4; lastKnownFileType = sourcecode.c.h; path = CookieWhitelist.h; sourceTree = "<group>"; };
		010EEA681A43C8CF001E8B65 /* CookieWhitelist.m */ = {isa = PBXFileReference; fileEncoding = 4; lastKnownFileType = sourcecode.c.objc; path = CookieWhitelist.m; sourceTree = "<group>"; };
		0135F4751A3D2931005A8F16 /* SearchEngines.plist */ = {isa = PBXFileReference; fileEncoding = 4; lastKnownFileType = text.plist.xml; name = SearchEngines.plist; path = Endless/Resources/SearchEngines.plist; sourceTree = "<group>"; };
		0135F47D1A3E548F005A8F16 /* WebViewTab.h */ = {isa = PBXFileReference; fileEncoding = 4; lastKnownFileType = sourcecode.c.h; path = WebViewTab.h; sourceTree = "<group>"; };
		0135F47E1A3E548F005A8F16 /* WebViewTab.m */ = {isa = PBXFileReference; fileEncoding = 4; lastKnownFileType = sourcecode.c.objc; path = WebViewTab.m; sourceTree = "<group>"; };
		01801E921A32CA2A002B4718 /* Endless.app */ = {isa = PBXFileReference; explicitFileType = wrapper.application; includeInIndex = 0; path = Endless.app; sourceTree = BUILT_PRODUCTS_DIR; };
		01801E961A32CA2A002B4718 /* Info.plist */ = {isa = PBXFileReference; lastKnownFileType = text.plist.xml; path = Info.plist; sourceTree = "<group>"; };
		01801E971A32CA2A002B4718 /* main.m */ = {isa = PBXFileReference; lastKnownFileType = sourcecode.c.objc; path = main.m; sourceTree = "<group>"; };
		01801E991A32CA2A002B4718 /* AppDelegate.h */ = {isa = PBXFileReference; lastKnownFileType = sourcecode.c.h; path = AppDelegate.h; sourceTree = "<group>"; };
		01801E9A1A32CA2A002B4718 /* AppDelegate.m */ = {isa = PBXFileReference; lastKnownFileType = sourcecode.c.objc; path = AppDelegate.m; sourceTree = "<group>"; };
		01801E9F1A32CA2A002B4718 /* WebViewController.h */ = {isa = PBXFileReference; lastKnownFileType = sourcecode.c.h; path = WebViewController.h; sourceTree = "<group>"; };
		01801EA01A32CA2A002B4718 /* WebViewController.m */ = {isa = PBXFileReference; lastKnownFileType = sourcecode.c.objc; path = WebViewController.m; sourceTree = "<group>"; };
		01801EA51A32CA2A002B4718 /* Images.xcassets */ = {isa = PBXFileReference; lastKnownFileType = folder.assetcatalog; name = Images.xcassets; path = Endless/Resources/Images.xcassets; sourceTree = "<group>"; };
		01801EBE1A335BEC002B4718 /* URLInterceptor.h */ = {isa = PBXFileReference; fileEncoding = 4; lastKnownFileType = sourcecode.c.h; path = URLInterceptor.h; sourceTree = "<group>"; };
		01801EBF1A335BEC002B4718 /* URLInterceptor.m */ = {isa = PBXFileReference; fileEncoding = 4; lastKnownFileType = sourcecode.c.objc; path = URLInterceptor.m; sourceTree = "<group>"; };
		01801EC21A3360F8002B4718 /* InAppSettings.bundle */ = {isa = PBXFileReference; lastKnownFileType = "wrapper.plug-in"; name = InAppSettings.bundle; path = Endless/InAppSettings.bundle; sourceTree = "<group>"; };
		018333C81A3505FB00670CD1 /* HTTPSEverywhere.h */ = {isa = PBXFileReference; fileEncoding = 4; lastKnownFileType = sourcecode.c.h; path = HTTPSEverywhere.h; sourceTree = "<group>"; };
		018333C91A3505FB00670CD1 /* HTTPSEverywhere.m */ = {isa = PBXFileReference; fileEncoding = 4; lastKnownFileType = sourcecode.c.objc; path = HTTPSEverywhere.m; sourceTree = "<group>"; };
		018333CF1A351B3B00670CD1 /* Endless-Prefix.pch */ = {isa = PBXFileReference; lastKnownFileType = sourcecode.c.h; path = "Endless-Prefix.pch"; sourceTree = "<group>"; };
		018333D01A35291200670CD1 /* HTTPSEverywhereRule.h */ = {isa = PBXFileReference; fileEncoding = 4; lastKnownFileType = sourcecode.c.h; path = HTTPSEverywhereRule.h; sourceTree = "<group>"; };
		018333D11A35291200670CD1 /* HTTPSEverywhereRule.m */ = {isa = PBXFileReference; fileEncoding = 4; lastKnownFileType = sourcecode.c.objc; path = HTTPSEverywhereRule.m; sourceTree = "<group>"; };
		018333D71A35727C00670CD1 /* Endless Tests.xctest */ = {isa = PBXFileReference; explicitFileType = wrapper.cfbundle; includeInIndex = 0; path = "Endless Tests.xctest"; sourceTree = BUILT_PRODUCTS_DIR; };
		018333DA1A35727C00670CD1 /* Info.plist */ = {isa = PBXFileReference; lastKnownFileType = text.plist.xml; path = Info.plist; sourceTree = "<group>"; };
		018333DB1A35727C00670CD1 /* HTTPSEverywhere_Tests.m */ = {isa = PBXFileReference; lastKnownFileType = sourcecode.c.objc; path = HTTPSEverywhere_Tests.m; sourceTree = "<group>"; };
		018333E71A35746500670CD1 /* https-everywhere_rules.plist */ = {isa = PBXFileReference; fileEncoding = 4; lastKnownFileType = text.plist.xml; name = "https-everywhere_rules.plist"; path = "Endless/Resources/https-everywhere_rules.plist"; sourceTree = "<group>"; };
		018333E81A35746500670CD1 /* https-everywhere_targets.plist */ = {isa = PBXFileReference; fileEncoding = 4; lastKnownFileType = text.plist.xml; name = "https-everywhere_targets.plist"; path = "Endless/Resources/https-everywhere_targets.plist"; sourceTree = "<group>"; };
		018333EB1A357D8B00670CD1 /* libPods-OCMock.a */ = {isa = PBXFileReference; lastKnownFileType = archive.ar; name = "libPods-OCMock.a"; path = "Pods/build/Debug-iphoneos/libPods-OCMock.a"; sourceTree = "<group>"; };
		01D741261A44DF1C007B7033 /* WebViewMenuController.h */ = {isa = PBXFileReference; fileEncoding = 4; lastKnownFileType = sourcecode.c.h; path = WebViewMenuController.h; sourceTree = "<group>"; };
		01D741271A44DF1C007B7033 /* WebViewMenuController.m */ = {isa = PBXFileReference; fileEncoding = 4; lastKnownFileType = sourcecode.c.objc; path = WebViewMenuController.m; sourceTree = "<group>"; };
		01D741291A45EDD1007B7033 /* CookieWhitelist_Tests.m */ = {isa = PBXFileReference; fileEncoding = 4; lastKnownFileType = sourcecode.c.objc; path = CookieWhitelist_Tests.m; sourceTree = "<group>"; };
		01D7412B1A45F8EB007B7033 /* injected.js */ = {isa = PBXFileReference; fileEncoding = 4; lastKnownFileType = sourcecode.javascript; name = injected.js; path = Endless/Resources/injected.js; sourceTree = "<group>"; };
		01D7412D1A466AF0007B7033 /* NSString+JavascriptEscape.h */ = {isa = PBXFileReference; fileEncoding = 4; lastKnownFileType = sourcecode.c.h; path = "NSString+JavascriptEscape.h"; sourceTree = "<group>"; };
		01D7412E1A466AF0007B7033 /* NSString+JavascriptEscape.m */ = {isa = PBXFileReference; fileEncoding = 4; lastKnownFileType = sourcecode.c.objc; path = "NSString+JavascriptEscape.m"; sourceTree = "<group>"; };
		01D741301A49EA14007B7033 /* HTTPSEverywhereRuleController.h */ = {isa = PBXFileReference; fileEncoding = 4; lastKnownFileType = sourcecode.c.h; path = HTTPSEverywhereRuleController.h; sourceTree = "<group>"; };
		01D741311A49EA14007B7033 /* HTTPSEverywhereRuleController.m */ = {isa = PBXFileReference; fileEncoding = 4; lastKnownFileType = sourcecode.c.objc; path = HTTPSEverywhereRuleController.m; sourceTree = "<group>"; };
		01F879391A4108DD00A63654 /* URLBlocker.h */ = {isa = PBXFileReference; fileEncoding = 4; lastKnownFileType = sourcecode.c.h; path = URLBlocker.h; sourceTree = "<group>"; };
		01F8793A1A4108DD00A63654 /* URLBlocker.m */ = {isa = PBXFileReference; fileEncoding = 4; lastKnownFileType = sourcecode.c.objc; path = URLBlocker.m; sourceTree = "<group>"; };
		01F879401A4112E500A63654 /* URLBlocker_Tests.m */ = {isa = PBXFileReference; fileEncoding = 4; lastKnownFileType = sourcecode.c.objc; path = URLBlocker_Tests.m; sourceTree = "<group>"; };
		01F879421A41140D00A63654 /* https-everywhere_mock_rules.plist */ = {isa = PBXFileReference; fileEncoding = 4; lastKnownFileType = text.plist.xml; path = "https-everywhere_mock_rules.plist"; sourceTree = "<group>"; };
		01F879431A41140D00A63654 /* https-everywhere_mock_targets.plist */ = {isa = PBXFileReference; fileEncoding = 4; lastKnownFileType = text.plist.xml; path = "https-everywhere_mock_targets.plist"; sourceTree = "<group>"; };
		01F879461A41141800A63654 /* urlblocker_mock_rules.plist */ = {isa = PBXFileReference; fileEncoding = 4; lastKnownFileType = text.plist.xml; path = urlblocker_mock_rules.plist; sourceTree = "<group>"; };
		01F879471A41141800A63654 /* urlblocker_mock_targets.plist */ = {isa = PBXFileReference; fileEncoding = 4; lastKnownFileType = text.plist.xml; path = urlblocker_mock_targets.plist; sourceTree = "<group>"; };
		01F8794A1A41232E00A63654 /* credits.html */ = {isa = PBXFileReference; fileEncoding = 4; lastKnownFileType = text.html; name = credits.html; path = Endless/Resources/credits.html; sourceTree = "<group>"; };
		01F8794D1A412F8E00A63654 /* urlblocker_targets.plist */ = {isa = PBXFileReference; fileEncoding = 4; lastKnownFileType = text.plist.xml; name = urlblocker_targets.plist; path = Endless/Resources/urlblocker_targets.plist; sourceTree = "<group>"; };
		5F000EBDB20709D482560EE0 /* libPods.a */ = {isa = PBXFileReference; explicitFileType = archive.ar; includeInIndex = 0; path = libPods.a; sourceTree = BUILT_PRODUCTS_DIR; };
		78E95B84E061F9B319EB8E8B /* libPods-Endless Tests.a */ = {isa = PBXFileReference; explicitFileType = archive.ar; includeInIndex = 0; path = "libPods-Endless Tests.a"; sourceTree = BUILT_PRODUCTS_DIR; };
		7C148194A51760B930A369C0 /* libPods-Endless Tests.a */ = {isa = PBXFileReference; explicitFileType = archive.ar; includeInIndex = 0; path = "libPods-Endless Tests.a"; sourceTree = BUILT_PRODUCTS_DIR; };
		D5539BB6B9C413DCDBDB86C7 /* Pods-Endless Tests.release.xcconfig */ = {isa = PBXFileReference; includeInIndex = 1; lastKnownFileType = text.xcconfig; name = "Pods-Endless Tests.release.xcconfig"; path = "Pods/Target Support Files/Pods-Endless Tests/Pods-Endless Tests.release.xcconfig"; sourceTree = "<group>"; };
		DC10B8CFD8DB1137076245D9 /* Pods.debug.xcconfig */ = {isa = PBXFileReference; includeInIndex = 1; lastKnownFileType = text.xcconfig; name = Pods.debug.xcconfig; path = "Pods/Target Support Files/Pods/Pods.debug.xcconfig"; sourceTree = "<group>"; };
		DDC76BC31EB8F9AAFB8BEE31 /* Pods-Endless Tests.debug.xcconfig */ = {isa = PBXFileReference; includeInIndex = 1; lastKnownFileType = text.xcconfig; name = "Pods-Endless Tests.debug.xcconfig"; path = "Pods/Target Support Files/Pods-Endless Tests/Pods-Endless Tests.debug.xcconfig"; sourceTree = "<group>"; };
		DDD1A40F3EE6113729C69C4E /* Pods.release.xcconfig */ = {isa = PBXFileReference; includeInIndex = 1; lastKnownFileType = text.xcconfig; name = Pods.release.xcconfig; path = "Pods/Target Support Files/Pods/Pods.release.xcconfig"; sourceTree = "<group>"; };
/* End PBXFileReference section */

/* Begin PBXFrameworksBuildPhase section */
		01801E8F1A32CA2A002B4718 /* Frameworks */ = {
			isa = PBXFrameworksBuildPhase;
			buildActionMask = 2147483647;
			files = (
				0357A14A00B472D144F4F53B /* libPods.a in Frameworks */,
			);
			runOnlyForDeploymentPostprocessing = 0;
		};
		018333D41A35727C00670CD1 /* Frameworks */ = {
			isa = PBXFrameworksBuildPhase;
			buildActionMask = 2147483647;
			files = (
				BF746B2CD72A306F0316B40B /* libPods-Endless Tests.a in Frameworks */,
				9EA8BC559A538F5E91EAAF97 /* libPods-Endless Tests.a in Frameworks */,
			);
			runOnlyForDeploymentPostprocessing = 0;
		};
/* End PBXFrameworksBuildPhase section */

/* Begin PBXGroup section */
		01801E891A32CA2A002B4718 = {
			isa = PBXGroup;
			children = (
				01801E941A32CA2A002B4718 /* Endless */,
				01801EC11A3360B1002B4718 /* Resources */,
				01801E951A32CA2A002B4718 /* Supporting Files */,
				018333D81A35727C00670CD1 /* Endless Tests */,
				01801E931A32CA2A002B4718 /* Products */,
				15AD3EF085D2BF7B56887532 /* Pods */,
				6CC21620E2AE7B4037C6401B /* Frameworks */,
			);
			sourceTree = "<group>";
		};
		01801E931A32CA2A002B4718 /* Products */ = {
			isa = PBXGroup;
			children = (
				01801E921A32CA2A002B4718 /* Endless.app */,
				018333D71A35727C00670CD1 /* Endless Tests.xctest */,
			);
			name = Products;
			sourceTree = "<group>";
		};
		01801E941A32CA2A002B4718 /* Endless */ = {
			isa = PBXGroup;
			children = (
				01801E991A32CA2A002B4718 /* AppDelegate.h */,
				01801E9A1A32CA2A002B4718 /* AppDelegate.m */,
				010EEA671A43C8CF001E8B65 /* CookieWhitelist.h */,
				010EEA681A43C8CF001E8B65 /* CookieWhitelist.m */,
				010EEA641A43A536001E8B65 /* CookieWhitelistController.h */,
				010EEA651A43A536001E8B65 /* CookieWhitelistController.m */,
				01D741301A49EA14007B7033 /* HTTPSEverywhereRuleController.h */,
				01D741311A49EA14007B7033 /* HTTPSEverywhereRuleController.m */,
				018333C81A3505FB00670CD1 /* HTTPSEverywhere.h */,
				018333C91A3505FB00670CD1 /* HTTPSEverywhere.m */,
				018333D01A35291200670CD1 /* HTTPSEverywhereRule.h */,
				018333D11A35291200670CD1 /* HTTPSEverywhereRule.m */,
				01F879391A4108DD00A63654 /* URLBlocker.h */,
				01F8793A1A4108DD00A63654 /* URLBlocker.m */,
				01801EBE1A335BEC002B4718 /* URLInterceptor.h */,
				01801EBF1A335BEC002B4718 /* URLInterceptor.m */,
				01801E9F1A32CA2A002B4718 /* WebViewController.h */,
				01801EA01A32CA2A002B4718 /* WebViewController.m */,
				01D741261A44DF1C007B7033 /* WebViewMenuController.h */,
				01D741271A44DF1C007B7033 /* WebViewMenuController.m */,
				0135F47D1A3E548F005A8F16 /* WebViewTab.h */,
				0135F47E1A3E548F005A8F16 /* WebViewTab.m */,
			);
			name = Endless;
			path = Endless;
			sourceTree = "<group>";
		};
		01801E951A32CA2A002B4718 /* Supporting Files */ = {
			isa = PBXGroup;
			children = (
				01D7412D1A466AF0007B7033 /* NSString+JavascriptEscape.h */,
				01D7412E1A466AF0007B7033 /* NSString+JavascriptEscape.m */,
				01801E961A32CA2A002B4718 /* Info.plist */,
				01801E971A32CA2A002B4718 /* main.m */,
				018333CF1A351B3B00670CD1 /* Endless-Prefix.pch */,
			);
			name = "Supporting Files";
			path = Endless;
			sourceTree = "<group>";
		};
		01801EC11A3360B1002B4718 /* Resources */ = {
			isa = PBXGroup;
			children = (
				01801EC21A3360F8002B4718 /* InAppSettings.bundle */,
				01F8794A1A41232E00A63654 /* credits.html */,
				01D7412B1A45F8EB007B7033 /* injected.js */,
				018333E71A35746500670CD1 /* https-everywhere_rules.plist */,
				018333E81A35746500670CD1 /* https-everywhere_targets.plist */,
				0135F4751A3D2931005A8F16 /* SearchEngines.plist */,
				01F8794D1A412F8E00A63654 /* urlblocker_targets.plist */,
				01801EA51A32CA2A002B4718 /* Images.xcassets */,
			);
			name = Resources;
			sourceTree = "<group>";
		};
		018333D81A35727C00670CD1 /* Endless Tests */ = {
			isa = PBXGroup;
			children = (
				018333DB1A35727C00670CD1 /* HTTPSEverywhere_Tests.m */,
				01F879401A4112E500A63654 /* URLBlocker_Tests.m */,
				01D741291A45EDD1007B7033 /* CookieWhitelist_Tests.m */,
				018333D91A35727C00670CD1 /* Supporting Files */,
			);
			name = "Endless Tests";
			path = "Endless Tests";
			sourceTree = "<group>";
		};
		018333D91A35727C00670CD1 /* Supporting Files */ = {
			isa = PBXGroup;
			children = (
				01F879421A41140D00A63654 /* https-everywhere_mock_rules.plist */,
				01F879431A41140D00A63654 /* https-everywhere_mock_targets.plist */,
				01F879461A41141800A63654 /* urlblocker_mock_rules.plist */,
				01F879471A41141800A63654 /* urlblocker_mock_targets.plist */,
				018333DA1A35727C00670CD1 /* Info.plist */,
			);
			name = "Supporting Files";
			sourceTree = "<group>";
		};
		15AD3EF085D2BF7B56887532 /* Pods */ = {
			isa = PBXGroup;
			children = (
				DC10B8CFD8DB1137076245D9 /* Pods.debug.xcconfig */,
				DDD1A40F3EE6113729C69C4E /* Pods.release.xcconfig */,
				DDC76BC31EB8F9AAFB8BEE31 /* Pods-Endless Tests.debug.xcconfig */,
				D5539BB6B9C413DCDBDB86C7 /* Pods-Endless Tests.release.xcconfig */,
			);
			name = Pods;
			sourceTree = "<group>";
		};
		6CC21620E2AE7B4037C6401B /* Frameworks */ = {
			isa = PBXGroup;
			children = (
				018333EB1A357D8B00670CD1 /* libPods-OCMock.a */,
				5F000EBDB20709D482560EE0 /* libPods.a */,
				78E95B84E061F9B319EB8E8B /* libPods-Endless Tests.a */,
				7C148194A51760B930A369C0 /* libPods-Endless Tests.a */,
			);
			name = Frameworks;
			sourceTree = "<group>";
		};
/* End PBXGroup section */

/* Begin PBXNativeTarget section */
		01801E911A32CA2A002B4718 /* Endless */ = {
			isa = PBXNativeTarget;
			buildConfigurationList = 01801EB81A32CA2A002B4718 /* Build configuration list for PBXNativeTarget "Endless" */;
			buildPhases = (
				AD6CC348A4A754780C9FF2A3 /* Check Pods Manifest.lock */,
				01801E8E1A32CA2A002B4718 /* Sources */,
				01801E8F1A32CA2A002B4718 /* Frameworks */,
				01801E901A32CA2A002B4718 /* Resources */,
				F1123B8772DD1017FF7AD4C0 /* Copy Pods Resources */,
			);
			buildRules = (
			);
			dependencies = (
			);
			name = Endless;
			productName = Endless;
			productReference = 01801E921A32CA2A002B4718 /* Endless.app */;
			productType = "com.apple.product-type.application";
		};
		018333D61A35727C00670CD1 /* Endless Tests */ = {
			isa = PBXNativeTarget;
			buildConfigurationList = 018333DF1A35727C00670CD1 /* Build configuration list for PBXNativeTarget "Endless Tests" */;
			buildPhases = (
				B490F5F7A7DE676CD3B7340F /* Check Pods Manifest.lock */,
				018333D31A35727C00670CD1 /* Sources */,
				018333D41A35727C00670CD1 /* Frameworks */,
				018333D51A35727C00670CD1 /* Resources */,
				1A927D79DA43D9D14E9FB250 /* Copy Pods Resources */,
			);
			buildRules = (
			);
			dependencies = (
				018333DE1A35727C00670CD1 /* PBXTargetDependency */,
			);
			name = "Endless Tests";
			productName = "Endless Tests";
			productReference = 018333D71A35727C00670CD1 /* Endless Tests.xctest */;
			productType = "com.apple.product-type.bundle.unit-test";
		};
/* End PBXNativeTarget section */

/* Begin PBXProject section */
		01801E8A1A32CA2A002B4718 /* Project object */ = {
			isa = PBXProject;
			attributes = {
				LastUpgradeCheck = 0610;
				ORGANIZATIONNAME = jcs;
				TargetAttributes = {
					01801E911A32CA2A002B4718 = {
						CreatedOnToolsVersion = 6.1.1;
					};
					018333D61A35727C00670CD1 = {
						CreatedOnToolsVersion = 6.1.1;
						TestTargetID = 01801E911A32CA2A002B4718;
					};
				};
			};
			buildConfigurationList = 01801E8D1A32CA2A002B4718 /* Build configuration list for PBXProject "Endless" */;
			compatibilityVersion = "Xcode 3.2";
			developmentRegion = English;
			hasScannedForEncodings = 0;
			knownRegions = (
				en,
				Base,
			);
			mainGroup = 01801E891A32CA2A002B4718;
			productRefGroup = 01801E931A32CA2A002B4718 /* Products */;
			projectDirPath = "";
			projectRoot = "";
			targets = (
				01801E911A32CA2A002B4718 /* Endless */,
				018333D61A35727C00670CD1 /* Endless Tests */,
			);
		};
/* End PBXProject section */

/* Begin PBXResourcesBuildPhase section */
		01801E901A32CA2A002B4718 /* Resources */ = {
			isa = PBXResourcesBuildPhase;
			buildActionMask = 2147483647;
			files = (
				0135F4761A3D2931005A8F16 /* SearchEngines.plist in Resources */,
				018333EA1A35746500670CD1 /* https-everywhere_targets.plist in Resources */,
				018333E91A35746500670CD1 /* https-everywhere_rules.plist in Resources */,
				01801EC31A3360F8002B4718 /* InAppSettings.bundle in Resources */,
				01D7412C1A45F8EB007B7033 /* injected.js in Resources */,
				01F8794F1A412FA500A63654 /* urlblocker_targets.plist in Resources */,
				01801EA61A32CA2A002B4718 /* Images.xcassets in Resources */,
				01F8794C1A4124FE00A63654 /* credits.html in Resources */,
			);
			runOnlyForDeploymentPostprocessing = 0;
		};
		018333D51A35727C00670CD1 /* Resources */ = {
			isa = PBXResourcesBuildPhase;
			buildActionMask = 2147483647;
			files = (
				01F8794E1A412F8E00A63654 /* urlblocker_targets.plist in Resources */,
				01F8794B1A41232E00A63654 /* credits.html in Resources */,
				01F879451A41140D00A63654 /* https-everywhere_mock_targets.plist in Resources */,
				01F879481A41141800A63654 /* urlblocker_mock_rules.plist in Resources */,
				01F879491A41141800A63654 /* urlblocker_mock_targets.plist in Resources */,
				01F879441A41140D00A63654 /* https-everywhere_mock_rules.plist in Resources */,
			);
			runOnlyForDeploymentPostprocessing = 0;
		};
/* End PBXResourcesBuildPhase section */

/* Begin PBXShellScriptBuildPhase section */
		1A927D79DA43D9D14E9FB250 /* Copy Pods Resources */ = {
			isa = PBXShellScriptBuildPhase;
			buildActionMask = 2147483647;
			files = (
			);
			inputPaths = (
			);
			name = "Copy Pods Resources";
			outputPaths = (
			);
			runOnlyForDeploymentPostprocessing = 0;
			shellPath = /bin/sh;
			shellScript = "\"${SRCROOT}/Pods/Target Support Files/Pods-Endless Tests/Pods-Endless Tests-resources.sh\"\n";
			showEnvVarsInLog = 0;
		};
		AD6CC348A4A754780C9FF2A3 /* Check Pods Manifest.lock */ = {
			isa = PBXShellScriptBuildPhase;
			buildActionMask = 2147483647;
			files = (
			);
			inputPaths = (
			);
			name = "Check Pods Manifest.lock";
			outputPaths = (
			);
			runOnlyForDeploymentPostprocessing = 0;
			shellPath = /bin/sh;
			shellScript = "diff \"${PODS_ROOT}/../Podfile.lock\" \"${PODS_ROOT}/Manifest.lock\" > /dev/null\nif [[ $? != 0 ]] ; then\n    cat << EOM\nerror: The sandbox is not in sync with the Podfile.lock. Run 'pod install' or update your CocoaPods installation.\nEOM\n    exit 1\nfi\n";
			showEnvVarsInLog = 0;
		};
		B490F5F7A7DE676CD3B7340F /* Check Pods Manifest.lock */ = {
			isa = PBXShellScriptBuildPhase;
			buildActionMask = 2147483647;
			files = (
			);
			inputPaths = (
			);
			name = "Check Pods Manifest.lock";
			outputPaths = (
			);
			runOnlyForDeploymentPostprocessing = 0;
			shellPath = /bin/sh;
			shellScript = "diff \"${PODS_ROOT}/../Podfile.lock\" \"${PODS_ROOT}/Manifest.lock\" > /dev/null\nif [[ $? != 0 ]] ; then\n    cat << EOM\nerror: The sandbox is not in sync with the Podfile.lock. Run 'pod install' or update your CocoaPods installation.\nEOM\n    exit 1\nfi\n";
			showEnvVarsInLog = 0;
		};
		F1123B8772DD1017FF7AD4C0 /* Copy Pods Resources */ = {
			isa = PBXShellScriptBuildPhase;
			buildActionMask = 2147483647;
			files = (
			);
			inputPaths = (
			);
			name = "Copy Pods Resources";
			outputPaths = (
			);
			runOnlyForDeploymentPostprocessing = 0;
			shellPath = /bin/sh;
			shellScript = "\"${SRCROOT}/Pods/Target Support Files/Pods/Pods-resources.sh\"\n";
			showEnvVarsInLog = 0;
		};
/* End PBXShellScriptBuildPhase section */

/* Begin PBXSourcesBuildPhase section */
		01801E8E1A32CA2A002B4718 /* Sources */ = {
			isa = PBXSourcesBuildPhase;
			buildActionMask = 2147483647;
			files = (
				01D741281A44DF1C007B7033 /* WebViewMenuController.m in Sources */,
				01D7412F1A466AF0007B7033 /* NSString+JavascriptEscape.m in Sources */,
				01801E9B1A32CA2A002B4718 /* AppDelegate.m in Sources */,
				01801E981A32CA2A002B4718 /* main.m in Sources */,
				01D741321A49EA14007B7033 /* HTTPSEverywhereRuleController.m in Sources */,
				018333D21A35291200670CD1 /* HTTPSEverywhereRule.m in Sources */,
				01801EA11A32CA2A002B4718 /* WebViewController.m in Sources */,
				01F8793B1A4108DD00A63654 /* URLBlocker.m in Sources */,
				01801EC01A335BEC002B4718 /* URLInterceptor.m in Sources */,
				018333CA1A3505FB00670CD1 /* HTTPSEverywhere.m in Sources */,
				0135F47F1A3E548F005A8F16 /* WebViewTab.m in Sources */,
				010EEA661A43A536001E8B65 /* CookieWhitelistController.m in Sources */,
				010EEA691A43C8CF001E8B65 /* CookieWhitelist.m in Sources */,
			);
			runOnlyForDeploymentPostprocessing = 0;
		};
		018333D31A35727C00670CD1 /* Sources */ = {
			isa = PBXSourcesBuildPhase;
			buildActionMask = 2147483647;
			files = (
				01F879411A4112E500A63654 /* URLBlocker_Tests.m in Sources */,
				01D7412A1A45EDD1007B7033 /* CookieWhitelist_Tests.m in Sources */,
				018333DC1A35727C00670CD1 /* HTTPSEverywhere_Tests.m in Sources */,
			);
			runOnlyForDeploymentPostprocessing = 0;
		};
/* End PBXSourcesBuildPhase section */

/* Begin PBXTargetDependency section */
		018333DE1A35727C00670CD1 /* PBXTargetDependency */ = {
			isa = PBXTargetDependency;
			target = 01801E911A32CA2A002B4718 /* Endless */;
			targetProxy = 018333DD1A35727C00670CD1 /* PBXContainerItemProxy */;
		};
/* End PBXTargetDependency section */

/* Begin XCBuildConfiguration section */
		01801EB61A32CA2A002B4718 /* Debug */ = {
			isa = XCBuildConfiguration;
			buildSettings = {
				ALWAYS_SEARCH_USER_PATHS = NO;
				CLANG_CXX_LANGUAGE_STANDARD = "gnu++0x";
				CLANG_CXX_LIBRARY = "libc++";
				CLANG_ENABLE_MODULES = YES;
				CLANG_ENABLE_OBJC_ARC = YES;
				CLANG_WARN_BOOL_CONVERSION = YES;
				CLANG_WARN_CONSTANT_CONVERSION = YES;
				CLANG_WARN_DIRECT_OBJC_ISA_USAGE = YES_ERROR;
				CLANG_WARN_EMPTY_BODY = YES;
				CLANG_WARN_ENUM_CONVERSION = YES;
				CLANG_WARN_INT_CONVERSION = YES;
				CLANG_WARN_OBJC_ROOT_CLASS = YES_ERROR;
				CLANG_WARN_UNREACHABLE_CODE = YES;
				CLANG_WARN__DUPLICATE_METHOD_MATCH = YES;
				"CODE_SIGN_IDENTITY[sdk=iphoneos*]" = "iPhone Developer";
				COPY_PHASE_STRIP = NO;
				ENABLE_STRICT_OBJC_MSGSEND = YES;
				GCC_C_LANGUAGE_STANDARD = gnu99;
				GCC_DYNAMIC_NO_PIC = NO;
				GCC_OPTIMIZATION_LEVEL = 0;
				GCC_PREFIX_HEADER = "Endless/Endless-Prefix.pch";
				GCC_PREPROCESSOR_DEFINITIONS = (
					"DEBUG=1",
					"$(inherited)",
				);
				GCC_SYMBOLS_PRIVATE_EXTERN = NO;
				GCC_WARN_64_TO_32_BIT_CONVERSION = YES;
				GCC_WARN_ABOUT_RETURN_TYPE = YES_ERROR;
				GCC_WARN_UNDECLARED_SELECTOR = YES;
				GCC_WARN_UNINITIALIZED_AUTOS = YES_AGGRESSIVE;
				GCC_WARN_UNUSED_FUNCTION = YES;
				GCC_WARN_UNUSED_VARIABLE = YES;
				IPHONEOS_DEPLOYMENT_TARGET = 8.1;
				MTL_ENABLE_DEBUG_INFO = YES;
				ONLY_ACTIVE_ARCH = YES;
				SDKROOT = iphoneos;
			};
			name = Debug;
		};
		01801EB71A32CA2A002B4718 /* Release */ = {
			isa = XCBuildConfiguration;
			buildSettings = {
				ALWAYS_SEARCH_USER_PATHS = NO;
				CLANG_CXX_LANGUAGE_STANDARD = "gnu++0x";
				CLANG_CXX_LIBRARY = "libc++";
				CLANG_ENABLE_MODULES = YES;
				CLANG_ENABLE_OBJC_ARC = YES;
				CLANG_WARN_BOOL_CONVERSION = YES;
				CLANG_WARN_CONSTANT_CONVERSION = YES;
				CLANG_WARN_DIRECT_OBJC_ISA_USAGE = YES_ERROR;
				CLANG_WARN_EMPTY_BODY = YES;
				CLANG_WARN_ENUM_CONVERSION = YES;
				CLANG_WARN_INT_CONVERSION = YES;
				CLANG_WARN_OBJC_ROOT_CLASS = YES_ERROR;
				CLANG_WARN_UNREACHABLE_CODE = YES;
				CLANG_WARN__DUPLICATE_METHOD_MATCH = YES;
				"CODE_SIGN_IDENTITY[sdk=iphoneos*]" = "iPhone Developer";
				COPY_PHASE_STRIP = YES;
				ENABLE_NS_ASSERTIONS = NO;
				ENABLE_STRICT_OBJC_MSGSEND = YES;
				GCC_C_LANGUAGE_STANDARD = gnu99;
				GCC_PREFIX_HEADER = "Endless/Endless-Prefix.pch";
				GCC_WARN_64_TO_32_BIT_CONVERSION = YES;
				GCC_WARN_ABOUT_RETURN_TYPE = YES_ERROR;
				GCC_WARN_UNDECLARED_SELECTOR = YES;
				GCC_WARN_UNINITIALIZED_AUTOS = YES_AGGRESSIVE;
				GCC_WARN_UNUSED_FUNCTION = YES;
				GCC_WARN_UNUSED_VARIABLE = YES;
				IPHONEOS_DEPLOYMENT_TARGET = 8.1;
				MTL_ENABLE_DEBUG_INFO = NO;
				SDKROOT = iphoneos;
				VALIDATE_PRODUCT = YES;
			};
			name = Release;
		};
		01801EB91A32CA2A002B4718 /* Debug */ = {
			isa = XCBuildConfiguration;
			baseConfigurationReference = DC10B8CFD8DB1137076245D9 /* Pods.debug.xcconfig */;
			buildSettings = {
				ASSETCATALOG_COMPILER_APPICON_NAME = AppIcon;
				INFOPLIST_FILE = Endless/Info.plist;
				LD_RUNPATH_SEARCH_PATHS = "$(inherited) @executable_path/Frameworks";
				PRODUCT_NAME = Endless;
			};
			name = Debug;
		};
		01801EBA1A32CA2A002B4718 /* Release */ = {
			isa = XCBuildConfiguration;
			baseConfigurationReference = DDD1A40F3EE6113729C69C4E /* Pods.release.xcconfig */;
			buildSettings = {
				ASSETCATALOG_COMPILER_APPICON_NAME = AppIcon;
				INFOPLIST_FILE = Endless/Info.plist;
				LD_RUNPATH_SEARCH_PATHS = "$(inherited) @executable_path/Frameworks";
				PRODUCT_NAME = Endless;
			};
			name = Release;
		};
		018333E01A35727C00670CD1 /* Debug */ = {
			isa = XCBuildConfiguration;
			baseConfigurationReference = DDC76BC31EB8F9AAFB8BEE31 /* Pods-Endless Tests.debug.xcconfig */;
			buildSettings = {
				BUNDLE_LOADER = "$(TEST_HOST)";
				FRAMEWORK_SEARCH_PATHS = (
					"$(SDKROOT)/Developer/Library/Frameworks",
					"$(inherited)",
				);
				GCC_PREPROCESSOR_DEFINITIONS = (
					"DEBUG=1",
					"$(inherited)",
				);
				INFOPLIST_FILE = "Endless Tests/Info.plist";
				LD_RUNPATH_SEARCH_PATHS = "$(inherited) @executable_path/Frameworks @loader_path/Frameworks";
				LIBRARY_SEARCH_PATHS = (
					"$(inherited)",
					"$(PROJECT_DIR)/Pods/build/Debug-iphoneos",
				);
				OTHER_LDFLAGS = (
					"$(inherited)",
					"-framework",
					XCTest,
					"-ObjC",
				);
				PRODUCT_NAME = "Endless Tests";
				TEST_HOST = "$(BUILT_PRODUCTS_DIR)/Endless.app/Endless";
			};
			name = Debug;
		};
		018333E11A35727C00670CD1 /* Release */ = {
			isa = XCBuildConfiguration;
			baseConfigurationReference = D5539BB6B9C413DCDBDB86C7 /* Pods-Endless Tests.release.xcconfig */;
			buildSettings = {
				BUNDLE_LOADER = "$(TEST_HOST)";
				FRAMEWORK_SEARCH_PATHS = (
					"$(SDKROOT)/Developer/Library/Frameworks",
					"$(inherited)",
				);
				INFOPLIST_FILE = "Endless Tests/Info.plist";
				LD_RUNPATH_SEARCH_PATHS = "$(inherited) @executable_path/Frameworks @loader_path/Frameworks";
				LIBRARY_SEARCH_PATHS = (
					"$(inherited)",
					"$(PROJECT_DIR)/Pods/build/Debug-iphoneos",
				);
				OTHER_LDFLAGS = (
					"$(inherited)",
					"-framework",
					XCTest,
					"-ObjC",
				);
				PRODUCT_NAME = "Endless Tests";
				TEST_HOST = "$(BUILT_PRODUCTS_DIR)/Endless.app/Endless";
			};
			name = Release;
		};
/* End XCBuildConfiguration section */

/* Begin XCConfigurationList section */
		01801E8D1A32CA2A002B4718 /* Build configuration list for PBXProject "Endless" */ = {
			isa = XCConfigurationList;
			buildConfigurations = (
				01801EB61A32CA2A002B4718 /* Debug */,
				01801EB71A32CA2A002B4718 /* Release */,
			);
			defaultConfigurationIsVisible = 0;
			defaultConfigurationName = Release;
		};
		01801EB81A32CA2A002B4718 /* Build configuration list for PBXNativeTarget "Endless" */ = {
			isa = XCConfigurationList;
			buildConfigurations = (
				01801EB91A32CA2A002B4718 /* Debug */,
				01801EBA1A32CA2A002B4718 /* Release */,
			);
			defaultConfigurationIsVisible = 0;
			defaultConfigurationName = Release;
		};
		018333DF1A35727C00670CD1 /* Build configuration list for PBXNativeTarget "Endless Tests" */ = {
			isa = XCConfigurationList;
			buildConfigurations = (
				018333E01A35727C00670CD1 /* Debug */,
				018333E11A35727C00670CD1 /* Release */,
			);
			defaultConfigurationIsVisible = 0;
			defaultConfigurationName = Release;
		};
/* End XCConfigurationList section */
	};
	rootObject = 01801E8A1A32CA2A002B4718 /* Project object */;
}
